// !$*UTF8*$!
{
	archiveVersion = 1;
	classes = {
	};
	objectVersion = 45;
	objects = {

/* Begin PBXBuildFile section */
		1D3623260D0F684500981E51 /* ClassBrowserAppDelegate.m in Sources */ = {isa = PBXBuildFile; fileRef = 1D3623250D0F684500981E51 /* ClassBrowserAppDelegate.m */; };
		1D60589B0D05DD56006BFB54 /* main.m in Sources */ = {isa = PBXBuildFile; fileRef = 29B97316FDCFA39411CA2CEA /* main.m */; };
		28AD733F0D9D9553002E5188 /* MainWindow.xib in Resources */ = {isa = PBXBuildFile; fileRef = 28AD733E0D9D9553002E5188 /* MainWindow.xib */; };
		28D7ACF80DDB3853001CB0EB /* ClassBrowserViewController.m in Sources */ = {isa = PBXBuildFile; fileRef = 28D7ACF70DDB3853001CB0EB /* ClassBrowserViewController.m */; };
		6C15C4680ED0596000A2E8D9 /* Default.png in Resources */ = {isa = PBXBuildFile; fileRef = 6C15C4670ED0596000A2E8D9 /* Default.png */; };
		6C4C1A7A0ECFF43D00BF12F1 /* ClassSearchViewController.xib in Resources */ = {isa = PBXBuildFile; fileRef = 6C4C1A790ECFF43D00BF12F1 /* ClassSearchViewController.xib */; };
		6C4C1A7F0ECFF52F00BF12F1 /* ClassSearchViewController.m in Sources */ = {isa = PBXBuildFile; fileRef = 6C4C1A7E0ECFF52F00BF12F1 /* ClassSearchViewController.m */; };
		6C64DE7B0ECBFE3D003A3DF2 /* ClassTree.m in Sources */ = {isa = PBXBuildFile; fileRef = 6C64DE7A0ECBFE3D003A3DF2 /* ClassTree.m */; };
		6C7DBF070ECE548D0089E3E5 /* InfoPlist.strings in Resources */ = {isa = PBXBuildFile; fileRef = 6C7DBF060ECE548D0089E3E5 /* InfoPlist.strings */; };
		6C82726D0ED283F400B5CEEB /* IndexedDataSource.m in Sources */ = {isa = PBXBuildFile; fileRef = 6C82726C0ED283F400B5CEEB /* IndexedDataSource.m */; };
		6C82727F0ED285BA00B5CEEB /* SubclassesDataSource.m in Sources */ = {isa = PBXBuildFile; fileRef = 6C82727E0ED285BA00B5CEEB /* SubclassesDataSource.m */; };
		6C8272B10ED287E800B5CEEB /* SubclassesCell.xib in Resources */ = {isa = PBXBuildFile; fileRef = 6C8272B00ED287E800B5CEEB /* SubclassesCell.xib */; };
		6C8272C60ED2894400B5CEEB /* SubclassesCell.m in Sources */ = {isa = PBXBuildFile; fileRef = 6C8272C50ED2894400B5CEEB /* SubclassesCell.m */; };
		6C8274EA0ED2A64200B5CEEB /* AddressBook.framework in Frameworks */ = {isa = PBXBuildFile; fileRef = 6C8274D80ED2A64200B5CEEB /* AddressBook.framework */; };
		6C8274EB0ED2A64200B5CEEB /* AddressBookUI.framework in Frameworks */ = {isa = PBXBuildFile; fileRef = 6C8274D90ED2A64200B5CEEB /* AddressBookUI.framework */; };
		6C8274EC0ED2A64200B5CEEB /* AudioToolbox.framework in Frameworks */ = {isa = PBXBuildFile; fileRef = 6C8274DA0ED2A64200B5CEEB /* AudioToolbox.framework */; };
		6C8274EE0ED2A64200B5CEEB /* CFNetwork.framework in Frameworks */ = {isa = PBXBuildFile; fileRef = 6C8274DC0ED2A64200B5CEEB /* CFNetwork.framework */; };
		6C8274EF0ED2A64200B5CEEB /* CoreAudio.framework in Frameworks */ = {isa = PBXBuildFile; fileRef = 6C8274DD0ED2A64200B5CEEB /* CoreAudio.framework */; };
		6C8274F00ED2A64200B5CEEB /* CoreFoundation.framework in Frameworks */ = {isa = PBXBuildFile; fileRef = 6C8274DE0ED2A64200B5CEEB /* CoreFoundation.framework */; };
		6C8274F10ED2A64200B5CEEB /* CoreGraphics.framework in Frameworks */ = {isa = PBXBuildFile; fileRef = 6C8274DF0ED2A64200B5CEEB /* CoreGraphics.framework */; };
		6C8274F20ED2A64200B5CEEB /* CoreLocation.framework in Frameworks */ = {isa = PBXBuildFile; fileRef = 6C8274E00ED2A64200B5CEEB /* CoreLocation.framework */; };
		6C8274F30ED2A64200B5CEEB /* Foundation.framework in Frameworks */ = {isa = PBXBuildFile; fileRef = 6C8274E10ED2A64200B5CEEB /* Foundation.framework */; };
		6C8274F50ED2A64200B5CEEB /* MediaPlayer.framework in Frameworks */ = {isa = PBXBuildFile; fileRef = 6C8274E30ED2A64200B5CEEB /* MediaPlayer.framework */; };
		6C8274F60ED2A64200B5CEEB /* OpenAL.framework in Frameworks */ = {isa = PBXBuildFile; fileRef = 6C8274E40ED2A64200B5CEEB /* OpenAL.framework */; };
		6C8274F70ED2A64200B5CEEB /* OpenGLES.framework in Frameworks */ = {isa = PBXBuildFile; fileRef = 6C8274E50ED2A64200B5CEEB /* OpenGLES.framework */; };
		6C8274F80ED2A64200B5CEEB /* QuartzCore.framework in Frameworks */ = {isa = PBXBuildFile; fileRef = 6C8274E60ED2A64200B5CEEB /* QuartzCore.framework */; };
		6C8274F90ED2A64200B5CEEB /* Security.framework in Frameworks */ = {isa = PBXBuildFile; fileRef = 6C8274E70ED2A64200B5CEEB /* Security.framework */; };
		6C8274FA0ED2A64200B5CEEB /* SystemConfiguration.framework in Frameworks */ = {isa = PBXBuildFile; fileRef = 6C8274E80ED2A64200B5CEEB /* SystemConfiguration.framework */; };
		6C8274FB0ED2A64200B5CEEB /* UIKit.framework in Frameworks */ = {isa = PBXBuildFile; fileRef = 6C8274E90ED2A64200B5CEEB /* UIKit.framework */; };
		6C8275670ED2A6AC00B5CEEB /* Accelerate.framework in Frameworks */ = {isa = PBXBuildFile; fileRef = 6C8275270ED2A6AC00B5CEEB /* Accelerate.framework */; };
		6C8275680ED2A6AC00B5CEEB /* AccountSettings.framework in Frameworks */ = {isa = PBXBuildFile; fileRef = 6C8275280ED2A6AC00B5CEEB /* AccountSettings.framework */; };
		6C8275690ED2A6AC00B5CEEB /* AOSNotification.framework in Frameworks */ = {isa = PBXBuildFile; fileRef = 6C8275290ED2A6AC00B5CEEB /* AOSNotification.framework */; };
		6C82756A0ED2A6AC00B5CEEB /* Apple80211.framework in Frameworks */ = {isa = PBXBuildFile; fileRef = 6C82752A0ED2A6AC00B5CEEB /* Apple80211.framework */; };
		6C82756B0ED2A6AC00B5CEEB /* AppleJPEG.framework in Frameworks */ = {isa = PBXBuildFile; fileRef = 6C82752B0ED2A6AC00B5CEEB /* AppleJPEG.framework */; };
		6C82756C0ED2A6AC00B5CEEB /* AppSupport.framework in Frameworks */ = {isa = PBXBuildFile; fileRef = 6C82752C0ED2A6AC00B5CEEB /* AppSupport.framework */; };
		6C82756D0ED2A6AC00B5CEEB /* ArtworkCache.framework in Frameworks */ = {isa = PBXBuildFile; fileRef = 6C82752D0ED2A6AC00B5CEEB /* ArtworkCache.framework */; };
		6C82756E0ED2A6AC00B5CEEB /* BluetoothManager.framework in Frameworks */ = {isa = PBXBuildFile; fileRef = 6C82752E0ED2A6AC00B5CEEB /* BluetoothManager.framework */; };
		6C82756F0ED2A6AC00B5CEEB /* Bom.framework in Frameworks */ = {isa = PBXBuildFile; fileRef = 6C82752F0ED2A6AC00B5CEEB /* Bom.framework */; };
		6C8275700ED2A6AC00B5CEEB /* Calculate.framework in Frameworks */ = {isa = PBXBuildFile; fileRef = 6C8275300ED2A6AC00B5CEEB /* Calculate.framework */; };
		6C8275710ED2A6AC00B5CEEB /* Calendar.framework in Frameworks */ = {isa = PBXBuildFile; fileRef = 6C8275310ED2A6AC00B5CEEB /* Calendar.framework */; };
		6C8275720ED2A6AC00B5CEEB /* CalendarUI.framework in Frameworks */ = {isa = PBXBuildFile; fileRef = 6C8275320ED2A6AC00B5CEEB /* CalendarUI.framework */; };
		6C8275730ED2A6AC00B5CEEB /* Camera.framework in Frameworks */ = {isa = PBXBuildFile; fileRef = 6C8275330ED2A6AC00B5CEEB /* Camera.framework */; };
		6C8275740ED2A6AC00B5CEEB /* Celestial.framework in Frameworks */ = {isa = PBXBuildFile; fileRef = 6C8275340ED2A6AC00B5CEEB /* Celestial.framework */; };
		6C8275750ED2A6AC00B5CEEB /* CoreMedia.framework in Frameworks */ = {isa = PBXBuildFile; fileRef = 6C8275350ED2A6AC00B5CEEB /* CoreMedia.framework */; };
		6C8275760ED2A6AC00B5CEEB /* CoreSurface.framework in Frameworks */ = {isa = PBXBuildFile; fileRef = 6C8275360ED2A6AC00B5CEEB /* CoreSurface.framework */; };
		6C8275770ED2A6AC00B5CEEB /* CoreTelephony.framework in Frameworks */ = {isa = PBXBuildFile; fileRef = 6C8275370ED2A6AC00B5CEEB /* CoreTelephony.framework */; };
		6C8275780ED2A6AC00B5CEEB /* CoreVideo.framework in Frameworks */ = {isa = PBXBuildFile; fileRef = 6C8275380ED2A6AC00B5CEEB /* CoreVideo.framework */; };
		6C8275790ED2A6AC00B5CEEB /* CrashReporterSupport.framework in Frameworks */ = {isa = PBXBuildFile; fileRef = 6C8275390ED2A6AC00B5CEEB /* CrashReporterSupport.framework */; };
		6C82757A0ED2A6AC00B5CEEB /* DataAccess.framework in Frameworks */ = {isa = PBXBuildFile; fileRef = 6C82753A0ED2A6AC00B5CEEB /* DataAccess.framework */; };
		6C82757B0ED2A6AC00B5CEEB /* DataAccessExpress.framework in Frameworks */ = {isa = PBXBuildFile; fileRef = 6C82753B0ED2A6AC00B5CEEB /* DataAccessExpress.framework */; };
		6C82757C0ED2A6AC00B5CEEB /* DataMigration.framework in Frameworks */ = {isa = PBXBuildFile; fileRef = 6C82753C0ED2A6AC00B5CEEB /* DataMigration.framework */; };
		6C82757D0ED2A6AC00B5CEEB /* EAP8021X.framework in Frameworks */ = {isa = PBXBuildFile; fileRef = 6C82753D0ED2A6AC00B5CEEB /* EAP8021X.framework */; };
		6C82757E0ED2A6AC00B5CEEB /* GMM.framework in Frameworks */ = {isa = PBXBuildFile; fileRef = 6C82753E0ED2A6AC00B5CEEB /* GMM.framework */; };
		6C82757F0ED2A6AC00B5CEEB /* GraphicsServices.framework in Frameworks */ = {isa = PBXBuildFile; fileRef = 6C82753F0ED2A6AC00B5CEEB /* GraphicsServices.framework */; };
		6C8275800ED2A6AC00B5CEEB /* IAP.framework in Frameworks */ = {isa = PBXBuildFile; fileRef = 6C8275400ED2A6AC00B5CEEB /* IAP.framework */; };
		6C8275810ED2A6AC00B5CEEB /* ImageIO.framework in Frameworks */ = {isa = PBXBuildFile; fileRef = 6C8275410ED2A6AC00B5CEEB /* ImageIO.framework */; };
		6C8275820ED2A6AC00B5CEEB /* IOMobileFramebuffer.framework in Frameworks */ = {isa = PBXBuildFile; fileRef = 6C8275420ED2A6AC00B5CEEB /* IOMobileFramebuffer.framework */; };
		6C8275830ED2A6AC00B5CEEB /* ITSync.framework in Frameworks */ = {isa = PBXBuildFile; fileRef = 6C8275430ED2A6AC00B5CEEB /* ITSync.framework */; };
		6C8275840ED2A6AC00B5CEEB /* iTunesStore.framework in Frameworks */ = {isa = PBXBuildFile; fileRef = 6C8275440ED2A6AC00B5CEEB /* iTunesStore.framework */; };
		6C8275850ED2A6AC00B5CEEB /* iTunesStoreUI.framework in Frameworks */ = {isa = PBXBuildFile; fileRef = 6C8275450ED2A6AC00B5CEEB /* iTunesStoreUI.framework */; };
		6C8275860ED2A6AC00B5CEEB /* iWorkImport.framework in Frameworks */ = {isa = PBXBuildFile; fileRef = 6C8275460ED2A6AC00B5CEEB /* iWorkImport.framework */; };
		6C8275870ED2A6AC00B5CEEB /* JavaScriptCore.framework in Frameworks */ = {isa = PBXBuildFile; fileRef = 6C8275470ED2A6AC00B5CEEB /* JavaScriptCore.framework */; };
		6C8275880ED2A6AC00B5CEEB /* ManagedConfiguration.framework in Frameworks */ = {isa = PBXBuildFile; fileRef = 6C8275480ED2A6AC00B5CEEB /* ManagedConfiguration.framework */; };
		6C8275890ED2A6AC00B5CEEB /* MapKit.framework in Frameworks */ = {isa = PBXBuildFile; fileRef = 6C8275490ED2A6AC00B5CEEB /* MapKit.framework */; };
		6C82758A0ED2A6AC00B5CEEB /* MBX2D.framework in Frameworks */ = {isa = PBXBuildFile; fileRef = 6C82754A0ED2A6AC00B5CEEB /* MBX2D.framework */; };
		6C82758B0ED2A6AC00B5CEEB /* MBXConnect.framework in Frameworks */ = {isa = PBXBuildFile; fileRef = 6C82754B0ED2A6AC00B5CEEB /* MBXConnect.framework */; };
		6C82758C0ED2A6AC00B5CEEB /* MediaToolbox.framework in Frameworks */ = {isa = PBXBuildFile; fileRef = 6C82754C0ED2A6AC00B5CEEB /* MediaToolbox.framework */; };
		6C82758D0ED2A6AC00B5CEEB /* Message.framework in Frameworks */ = {isa = PBXBuildFile; fileRef = 6C82754D0ED2A6AC00B5CEEB /* Message.framework */; };
		6C82758E0ED2A6AC00B5CEEB /* MessageUI.framework in Frameworks */ = {isa = PBXBuildFile; fileRef = 6C82754E0ED2A6AC00B5CEEB /* MessageUI.framework */; };
		6C8275900ED2A6AC00B5CEEB /* MobileBluetooth.framework in Frameworks */ = {isa = PBXBuildFile; fileRef = 6C8275500ED2A6AC00B5CEEB /* MobileBluetooth.framework */; };
		6C8275910ED2A6AC00B5CEEB /* MobileDeviceLink.framework in Frameworks */ = {isa = PBXBuildFile; fileRef = 6C8275510ED2A6AC00B5CEEB /* MobileDeviceLink.framework */; };
		6C8275920ED2A6AC00B5CEEB /* MobileInstallation.framework in Frameworks */ = {isa = PBXBuildFile; fileRef = 6C8275520ED2A6AC00B5CEEB /* MobileInstallation.framework */; };
		6C8275930ED2A6AC00B5CEEB /* MobileMusicPlayer.framework in Frameworks */ = {isa = PBXBuildFile; fileRef = 6C8275530ED2A6AC00B5CEEB /* MobileMusicPlayer.framework */; };
		6C8275940ED2A6AC00B5CEEB /* MobileSync.framework in Frameworks */ = {isa = PBXBuildFile; fileRef = 6C8275540ED2A6AC00B5CEEB /* MobileSync.framework */; };
		6C8275950ED2A6AC00B5CEEB /* MobileWirelessSync.framework in Frameworks */ = {isa = PBXBuildFile; fileRef = 6C8275550ED2A6AC00B5CEEB /* MobileWirelessSync.framework */; };
		6C8275960ED2A6AC00B5CEEB /* MultitouchSupport.framework in Frameworks */ = {isa = PBXBuildFile; fileRef = 6C8275560ED2A6AC00B5CEEB /* MultitouchSupport.framework */; };
		6C8275970ED2A6AC00B5CEEB /* MusicLibrary.framework in Frameworks */ = {isa = PBXBuildFile; fileRef = 6C8275570ED2A6AC00B5CEEB /* MusicLibrary.framework */; };
		6C8275980ED2A6AC00B5CEEB /* OfficeImport.framework in Frameworks */ = {isa = PBXBuildFile; fileRef = 6C8275580ED2A6AC00B5CEEB /* OfficeImport.framework */; };
		6C8275990ED2A6AC00B5CEEB /* PersistentConnection.framework in Frameworks */ = {isa = PBXBuildFile; fileRef = 6C8275590ED2A6AC00B5CEEB /* PersistentConnection.framework */; };
		6C82759A0ED2A6AC00B5CEEB /* PhotoLibrary.framework in Frameworks */ = {isa = PBXBuildFile; fileRef = 6C82755A0ED2A6AC00B5CEEB /* PhotoLibrary.framework */; };
		6C82759B0ED2A6AC00B5CEEB /* Preferences.framework in Frameworks */ = {isa = PBXBuildFile; fileRef = 6C82755B0ED2A6AC00B5CEEB /* Preferences.framework */; };
		6C82759C0ED2A6AC00B5CEEB /* SpringBoardServices.framework in Frameworks */ = {isa = PBXBuildFile; fileRef = 6C82755C0ED2A6AC00B5CEEB /* SpringBoardServices.framework */; };
		6C82759D0ED2A6AC00B5CEEB /* SpringBoardUI.framework in Frameworks */ = {isa = PBXBuildFile; fileRef = 6C82755D0ED2A6AC00B5CEEB /* SpringBoardUI.framework */; };
		6C82759E0ED2A6AC00B5CEEB /* Symbolication.framework in Frameworks */ = {isa = PBXBuildFile; fileRef = 6C82755E0ED2A6AC00B5CEEB /* Symbolication.framework */; };
		6C82759F0ED2A6AC00B5CEEB /* TelephonyUI.framework in Frameworks */ = {isa = PBXBuildFile; fileRef = 6C82755F0ED2A6AC00B5CEEB /* TelephonyUI.framework */; };
		6C8275A00ED2A6AC00B5CEEB /* URLify.framework in Frameworks */ = {isa = PBXBuildFile; fileRef = 6C8275600ED2A6AC00B5CEEB /* URLify.framework */; };
		6C8275A10ED2A6AC00B5CEEB /* VideoToolbox.framework in Frameworks */ = {isa = PBXBuildFile; fileRef = 6C8275610ED2A6AC00B5CEEB /* VideoToolbox.framework */; };
		6C8275A20ED2A6AC00B5CEEB /* VisualVoicemail.framework in Frameworks */ = {isa = PBXBuildFile; fileRef = 6C8275620ED2A6AC00B5CEEB /* VisualVoicemail.framework */; };
		6C8275A30ED2A6AC00B5CEEB /* WebCore.framework in Frameworks */ = {isa = PBXBuildFile; fileRef = 6C8275630ED2A6AC00B5CEEB /* WebCore.framework */; };
		6C8275A40ED2A6AC00B5CEEB /* WebKit.framework in Frameworks */ = {isa = PBXBuildFile; fileRef = 6C8275640ED2A6AC00B5CEEB /* WebKit.framework */; };
		6C8275A50ED2A6AC00B5CEEB /* XMPP.framework in Frameworks */ = {isa = PBXBuildFile; fileRef = 6C8275650ED2A6AC00B5CEEB /* XMPP.framework */; };
		6C8275A60ED2A6AC00B5CEEB /* YouTube.framework in Frameworks */ = {isa = PBXBuildFile; fileRef = 6C8275660ED2A6AC00B5CEEB /* YouTube.framework */; };
		6C8275F00ED2AA6C00B5CEEB /* H264H1.videodecoder in Frameworks */ = {isa = PBXBuildFile; fileRef = 6C8275EE0ED2AA6C00B5CEEB /* H264H1.videodecoder */; };
		6C8275F10ED2AA6C00B5CEEB /* MP4VH1.videodecoder in Frameworks */ = {isa = PBXBuildFile; fileRef = 6C8275EF0ED2AA6C00B5CEEB /* MP4VH1.videodecoder */; };
		6C8275F40ED2AACD00B5CEEB /* libIOKit.dylib in Frameworks */ = {isa = PBXBuildFile; fileRef = 6C8275F30ED2AACD00B5CEEB /* libIOKit.dylib */; };
		6C82762B0ED2AAF800B5CEEB /* libafc.dylib in Frameworks */ = {isa = PBXBuildFile; fileRef = 6C8275FC0ED2AAF800B5CEEB /* libafc.dylib */; };
		6C82762C0ED2AAF800B5CEEB /* libbsm.dylib in Frameworks */ = {isa = PBXBuildFile; fileRef = 6C8275FD0ED2AAF800B5CEEB /* libbsm.dylib */; };
		6C82762D0ED2AAF800B5CEEB /* libbz2.1.0.4.dylib in Frameworks */ = {isa = PBXBuildFile; fileRef = 6C8275FE0ED2AAF800B5CEEB /* libbz2.1.0.4.dylib */; };
		6C82762E0ED2AAF800B5CEEB /* libcharset.1.dylib in Frameworks */ = {isa = PBXBuildFile; fileRef = 6C8275FF0ED2AAF800B5CEEB /* libcharset.1.dylib */; };
		6C82762F0ED2AAF800B5CEEB /* libedit.2.dylib in Frameworks */ = {isa = PBXBuildFile; fileRef = 6C8276000ED2AAF800B5CEEB /* libedit.2.dylib */; };
		6C8276300ED2AAF800B5CEEB /* libexslt.0.dylib in Frameworks */ = {isa = PBXBuildFile; fileRef = 6C8276010ED2AAF800B5CEEB /* libexslt.0.dylib */; };
		6C8276310ED2AAF800B5CEEB /* libform.5.4.dylib in Frameworks */ = {isa = PBXBuildFile; fileRef = 6C8276020ED2AAF800B5CEEB /* libform.5.4.dylib */; };
		6C8276320ED2AAF800B5CEEB /* libgcc_s.1.dylib in Frameworks */ = {isa = PBXBuildFile; fileRef = 6C8276030ED2AAF800B5CEEB /* libgcc_s.1.dylib */; };
		6C8276330ED2AAF800B5CEEB /* libiconv.2.dylib in Frameworks */ = {isa = PBXBuildFile; fileRef = 6C8276040ED2AAF800B5CEEB /* libiconv.2.dylib */; };
		6C8276340ED2AAF800B5CEEB /* libicucore.A.dylib in Frameworks */ = {isa = PBXBuildFile; fileRef = 6C8276050ED2AAF800B5CEEB /* libicucore.A.dylib */; };
		6C8276350ED2AAF800B5CEEB /* libIOAccessoryManager.dylib in Frameworks */ = {isa = PBXBuildFile; fileRef = 6C8276060ED2AAF800B5CEEB /* libIOAccessoryManager.dylib */; };
		6C8276360ED2AAF800B5CEEB /* libipsec.A.dylib in Frameworks */ = {isa = PBXBuildFile; fileRef = 6C8276070ED2AAF800B5CEEB /* libipsec.A.dylib */; };
		6C8276370ED2AAF800B5CEEB /* liblockdown.dylib in Frameworks */ = {isa = PBXBuildFile; fileRef = 6C8276080ED2AAF800B5CEEB /* liblockdown.dylib */; };
		6C8276380ED2AAF800B5CEEB /* libmis.dylib in Frameworks */ = {isa = PBXBuildFile; fileRef = 6C8276090ED2AAF800B5CEEB /* libmis.dylib */; };
		6C8276390ED2AAF800B5CEEB /* libncurses.5.4.dylib in Frameworks */ = {isa = PBXBuildFile; fileRef = 6C82760A0ED2AAF800B5CEEB /* libncurses.5.4.dylib */; };
		6C82763A0ED2AAF800B5CEEB /* libobjc.A.dylib in Frameworks */ = {isa = PBXBuildFile; fileRef = 6C82760B0ED2AAF800B5CEEB /* libobjc.A.dylib */; };
		6C82763B0ED2AAF800B5CEEB /* libresolv.9.dylib in Frameworks */ = {isa = PBXBuildFile; fileRef = 6C82760C0ED2AAF800B5CEEB /* libresolv.9.dylib */; };
		6C82763C0ED2AAF800B5CEEB /* libresolv.dylib in Frameworks */ = {isa = PBXBuildFile; fileRef = 6C82760D0ED2AAF800B5CEEB /* libresolv.dylib */; };
		6C82763D0ED2AAF800B5CEEB /* librpcsvc.dylib in Frameworks */ = {isa = PBXBuildFile; fileRef = 6C82760E0ED2AAF800B5CEEB /* librpcsvc.dylib */; };
		6C82763E0ED2AAF800B5CEEB /* libsqlite3.0.8.6.dylib in Frameworks */ = {isa = PBXBuildFile; fileRef = 6C82760F0ED2AAF800B5CEEB /* libsqlite3.0.8.6.dylib */; };
		6C82763F0ED2AAF800B5CEEB /* libsqlite3.0.dylib in Frameworks */ = {isa = PBXBuildFile; fileRef = 6C8276100ED2AAF800B5CEEB /* libsqlite3.0.dylib */; };
		6C8276400ED2AAF800B5CEEB /* libsqlite3.dylib in Frameworks */ = {isa = PBXBuildFile; fileRef = 6C8276110ED2AAF800B5CEEB /* libsqlite3.dylib */; };
		6C8276410ED2AAF800B5CEEB /* libstdc++-static.a in Frameworks */ = {isa = PBXBuildFile; fileRef = 6C8276120ED2AAF800B5CEEB /* libstdc++-static.a */; };
		6C8276420ED2AAF800B5CEEB /* libstdc++.6.0.4.dylib in Frameworks */ = {isa = PBXBuildFile; fileRef = 6C8276130ED2AAF800B5CEEB /* libstdc++.6.0.4.dylib */; };
		6C8276430ED2AAF800B5CEEB /* libstdc++.6.dylib in Frameworks */ = {isa = PBXBuildFile; fileRef = 6C8276140ED2AAF800B5CEEB /* libstdc++.6.dylib */; };
		6C8276440ED2AAF800B5CEEB /* libsupc++.a in Frameworks */ = {isa = PBXBuildFile; fileRef = 6C8276150ED2AAF800B5CEEB /* libsupc++.a */; };
		6C8276450ED2AAF800B5CEEB /* libSystem.B.dylib in Frameworks */ = {isa = PBXBuildFile; fileRef = 6C8276160ED2AAF800B5CEEB /* libSystem.B.dylib */; };
		6C8276460ED2AAF800B5CEEB /* libSystem.dylib in Frameworks */ = {isa = PBXBuildFile; fileRef = 6C8276170ED2AAF800B5CEEB /* libSystem.dylib */; };
		6C8276470ED2AAF800B5CEEB /* libtidy.A.dylib in Frameworks */ = {isa = PBXBuildFile; fileRef = 6C8276180ED2AAF800B5CEEB /* libtidy.A.dylib */; };
		6C8276480ED2AAF800B5CEEB /* libtidy.dylib in Frameworks */ = {isa = PBXBuildFile; fileRef = 6C8276190ED2AAF800B5CEEB /* libtidy.dylib */; };
		6C8276490ED2AAF800B5CEEB /* libutil.dylib in Frameworks */ = {isa = PBXBuildFile; fileRef = 6C82761A0ED2AAF800B5CEEB /* libutil.dylib */; };
		6C82764A0ED2AAF800B5CEEB /* libutil1.0.dylib in Frameworks */ = {isa = PBXBuildFile; fileRef = 6C82761B0ED2AAF800B5CEEB /* libutil1.0.dylib */; };
		6C82764B0ED2AAF800B5CEEB /* libxml2.2.dylib in Frameworks */ = {isa = PBXBuildFile; fileRef = 6C82761C0ED2AAF800B5CEEB /* libxml2.2.dylib */; };
		6C82764C0ED2AAF800B5CEEB /* libxml2.dylib in Frameworks */ = {isa = PBXBuildFile; fileRef = 6C82761D0ED2AAF800B5CEEB /* libxml2.dylib */; };
		6C82764E0ED2AAF800B5CEEB /* libxslt.1.dylib in Frameworks */ = {isa = PBXBuildFile; fileRef = 6C82761F0ED2AAF800B5CEEB /* libxslt.1.dylib */; };
		6C82764F0ED2AAF800B5CEEB /* libxslt.dylib in Frameworks */ = {isa = PBXBuildFile; fileRef = 6C8276200ED2AAF800B5CEEB /* libxslt.dylib */; };
		6C8276500ED2AAF800B5CEEB /* libz.1.1.3.dylib in Frameworks */ = {isa = PBXBuildFile; fileRef = 6C8276210ED2AAF800B5CEEB /* libz.1.1.3.dylib */; };
		6C8276510ED2AAF800B5CEEB /* libz.1.2.3.dylib in Frameworks */ = {isa = PBXBuildFile; fileRef = 6C8276220ED2AAF800B5CEEB /* libz.1.2.3.dylib */; };
		6C8276520ED2AAF800B5CEEB /* libz.1.dylib in Frameworks */ = {isa = PBXBuildFile; fileRef = 6C8276230ED2AAF800B5CEEB /* libz.1.dylib */; };
		6C8276530ED2AAF800B5CEEB /* libz.dylib in Frameworks */ = {isa = PBXBuildFile; fileRef = 6C8276240ED2AAF800B5CEEB /* libz.dylib */; };
		6C82766A0ED2AB8D00B5CEEB /* libArabicConverter.dylib in Frameworks */ = {isa = PBXBuildFile; fileRef = 6C8276580ED2AB8D00B5CEEB /* libArabicConverter.dylib */; };
		6C82766B0ED2AB8D00B5CEEB /* libCyrillicConverter.dylib in Frameworks */ = {isa = PBXBuildFile; fileRef = 6C8276590ED2AB8D00B5CEEB /* libCyrillicConverter.dylib */; };
		6C82766C0ED2AB8D00B5CEEB /* libGreekConverter.dylib in Frameworks */ = {isa = PBXBuildFile; fileRef = 6C82765A0ED2AB8D00B5CEEB /* libGreekConverter.dylib */; };
		6C82766D0ED2AB8D00B5CEEB /* libHebrewConverter.dylib in Frameworks */ = {isa = PBXBuildFile; fileRef = 6C82765B0ED2AB8D00B5CEEB /* libHebrewConverter.dylib */; };
		6C82766E0ED2AB8D00B5CEEB /* libJapaneseConverter.dylib in Frameworks */ = {isa = PBXBuildFile; fileRef = 6C82765C0ED2AB8D00B5CEEB /* libJapaneseConverter.dylib */; };
		6C82766F0ED2AB8D00B5CEEB /* libKoreanConverter.dylib in Frameworks */ = {isa = PBXBuildFile; fileRef = 6C82765D0ED2AB8D00B5CEEB /* libKoreanConverter.dylib */; };
		6C8276700ED2AB8D00B5CEEB /* libLatin2Converter.dylib in Frameworks */ = {isa = PBXBuildFile; fileRef = 6C82765E0ED2AB8D00B5CEEB /* libLatin2Converter.dylib */; };
		6C8276710ED2AB8D00B5CEEB /* libLatin5Converter.dylib in Frameworks */ = {isa = PBXBuildFile; fileRef = 6C82765F0ED2AB8D00B5CEEB /* libLatin5Converter.dylib */; };
		6C8276720ED2AB8D00B5CEEB /* libLatinSuppConverter.dylib in Frameworks */ = {isa = PBXBuildFile; fileRef = 6C8276600ED2AB8D00B5CEEB /* libLatinSuppConverter.dylib */; };
		6C8276730ED2AB8D00B5CEEB /* libSimplifiedChineseConverter.dylib in Frameworks */ = {isa = PBXBuildFile; fileRef = 6C8276610ED2AB8D00B5CEEB /* libSimplifiedChineseConverter.dylib */; };
		6C8276740ED2AB8D00B5CEEB /* libSymbolConverter.dylib in Frameworks */ = {isa = PBXBuildFile; fileRef = 6C8276620ED2AB8D00B5CEEB /* libSymbolConverter.dylib */; };
		6C8276750ED2AB8D00B5CEEB /* libThaiConverter.dylib in Frameworks */ = {isa = PBXBuildFile; fileRef = 6C8276630ED2AB8D00B5CEEB /* libThaiConverter.dylib */; };
		6C8276760ED2AB8D00B5CEEB /* libTraditionalChineseConverter.dylib in Frameworks */ = {isa = PBXBuildFile; fileRef = 6C8276640ED2AB8D00B5CEEB /* libTraditionalChineseConverter.dylib */; };
		6C8276770ED2AB8D00B5CEEB /* libVietnameseConverter.dylib in Frameworks */ = {isa = PBXBuildFile; fileRef = 6C8276650ED2AB8D00B5CEEB /* libVietnameseConverter.dylib */; };
		6CA317280ECD611700B4CDEC /* ClassBrowserViewController.xib in Resources */ = {isa = PBXBuildFile; fileRef = 6CA317270ECD611700B4CDEC /* ClassBrowserViewController.xib */; };
		6CBED43C0ED3E15700A27EB7 /* SubclassesWithImageSectionsDataSource.m in Sources */ = {isa = PBXBuildFile; fileRef = 6CBED43B0ED3E15700A27EB7 /* SubclassesWithImageSectionsDataSource.m */; };
/* End PBXBuildFile section */

/* Begin PBXFileReference section */
		1D3623240D0F684500981E51 /* ClassBrowserAppDelegate.h */ = {isa = PBXFileReference; fileEncoding = 4; lastKnownFileType = sourcecode.c.h; path = ClassBrowserAppDelegate.h; sourceTree = "<group>"; };
		1D3623250D0F684500981E51 /* ClassBrowserAppDelegate.m */ = {isa = PBXFileReference; fileEncoding = 4; lastKnownFileType = sourcecode.c.objc; path = ClassBrowserAppDelegate.m; sourceTree = "<group>"; };
		1D6058910D05DD3D006BFB54 /* ClassBrowser.app */ = {isa = PBXFileReference; explicitFileType = wrapper.application; includeInIndex = 0; path = ClassBrowser.app; sourceTree = BUILT_PRODUCTS_DIR; };
		28AD733E0D9D9553002E5188 /* MainWindow.xib */ = {isa = PBXFileReference; lastKnownFileType = file.xib; path = MainWindow.xib; sourceTree = "<group>"; };
		28D7ACF60DDB3853001CB0EB /* ClassBrowserViewController.h */ = {isa = PBXFileReference; fileEncoding = 4; lastKnownFileType = sourcecode.c.h; path = ClassBrowserViewController.h; sourceTree = "<group>"; };
		28D7ACF70DDB3853001CB0EB /* ClassBrowserViewController.m */ = {isa = PBXFileReference; fileEncoding = 4; lastKnownFileType = sourcecode.c.objc; path = ClassBrowserViewController.m; sourceTree = "<group>"; };
		29B97316FDCFA39411CA2CEA /* main.m */ = {isa = PBXFileReference; fileEncoding = 4; lastKnownFileType = sourcecode.c.objc; path = main.m; sourceTree = "<group>"; };
		32CA4F630368D1EE00C91783 /* ClassBrowser_Prefix.pch */ = {isa = PBXFileReference; fileEncoding = 4; lastKnownFileType = sourcecode.c.h; path = ClassBrowser_Prefix.pch; sourceTree = "<group>"; };
		6C15C4670ED0596000A2E8D9 /* Default.png */ = {isa = PBXFileReference; lastKnownFileType = image.png; path = Default.png; sourceTree = "<group>"; };
		6C4C1A790ECFF43D00BF12F1 /* ClassSearchViewController.xib */ = {isa = PBXFileReference; lastKnownFileType = file.xib; path = ClassSearchViewController.xib; sourceTree = "<group>"; };
		6C4C1A7D0ECFF52F00BF12F1 /* ClassSearchViewController.h */ = {isa = PBXFileReference; fileEncoding = 4; lastKnownFileType = sourcecode.c.h; path = ClassSearchViewController.h; sourceTree = "<group>"; };
		6C4C1A7E0ECFF52F00BF12F1 /* ClassSearchViewController.m */ = {isa = PBXFileReference; fileEncoding = 4; lastKnownFileType = sourcecode.c.objc; path = ClassSearchViewController.m; sourceTree = "<group>"; };
		6C64DE790ECBFE3D003A3DF2 /* ClassTree.h */ = {isa = PBXFileReference; fileEncoding = 4; lastKnownFileType = sourcecode.c.h; path = ClassTree.h; sourceTree = "<group>"; };
		6C64DE7A0ECBFE3D003A3DF2 /* ClassTree.m */ = {isa = PBXFileReference; fileEncoding = 4; lastKnownFileType = sourcecode.c.objc; path = ClassTree.m; sourceTree = "<group>"; };
		6C7DBF060ECE548D0089E3E5 /* InfoPlist.strings */ = {isa = PBXFileReference; fileEncoding = 10; lastKnownFileType = text.plist.strings; path = InfoPlist.strings; sourceTree = "<group>"; };
		6C82726B0ED283F400B5CEEB /* IndexedDataSource.h */ = {isa = PBXFileReference; fileEncoding = 4; lastKnownFileType = sourcecode.c.h; path = IndexedDataSource.h; sourceTree = "<group>"; };
		6C82726C0ED283F400B5CEEB /* IndexedDataSource.m */ = {isa = PBXFileReference; fileEncoding = 4; lastKnownFileType = sourcecode.c.objc; path = IndexedDataSource.m; sourceTree = "<group>"; };
		6C82727D0ED285BA00B5CEEB /* SubclassesDataSource.h */ = {isa = PBXFileReference; fileEncoding = 4; lastKnownFileType = sourcecode.c.h; path = SubclassesDataSource.h; sourceTree = "<group>"; };
		6C82727E0ED285BA00B5CEEB /* SubclassesDataSource.m */ = {isa = PBXFileReference; fileEncoding = 4; lastKnownFileType = sourcecode.c.objc; path = SubclassesDataSource.m; sourceTree = "<group>"; };
		6C8272B00ED287E800B5CEEB /* SubclassesCell.xib */ = {isa = PBXFileReference; lastKnownFileType = file.xib; path = SubclassesCell.xib; sourceTree = "<group>"; };
		6C8272C40ED2894400B5CEEB /* SubclassesCell.h */ = {isa = PBXFileReference; fileEncoding = 4; lastKnownFileType = sourcecode.c.h; path = SubclassesCell.h; sourceTree = "<group>"; };
		6C8272C50ED2894400B5CEEB /* SubclassesCell.m */ = {isa = PBXFileReference; fileEncoding = 4; lastKnownFileType = sourcecode.c.objc; path = SubclassesCell.m; sourceTree = "<group>"; };
		6C8274D80ED2A64200B5CEEB /* AddressBook.framework */ = {isa = PBXFileReference; lastKnownFileType = wrapper.framework; name = AddressBook.framework; path = System/Library/Frameworks/AddressBook.framework; sourceTree = SDKROOT; };
		6C8274D90ED2A64200B5CEEB /* AddressBookUI.framework */ = {isa = PBXFileReference; lastKnownFileType = wrapper.framework; name = AddressBookUI.framework; path = System/Library/Frameworks/AddressBookUI.framework; sourceTree = SDKROOT; };
		6C8274DA0ED2A64200B5CEEB /* AudioToolbox.framework */ = {isa = PBXFileReference; lastKnownFileType = wrapper.framework; name = AudioToolbox.framework; path = System/Library/Frameworks/AudioToolbox.framework; sourceTree = SDKROOT; };
		6C8274DC0ED2A64200B5CEEB /* CFNetwork.framework */ = {isa = PBXFileReference; lastKnownFileType = wrapper.framework; name = CFNetwork.framework; path = System/Library/Frameworks/CFNetwork.framework; sourceTree = SDKROOT; };
		6C8274DD0ED2A64200B5CEEB /* CoreAudio.framework */ = {isa = PBXFileReference; lastKnownFileType = wrapper.framework; name = CoreAudio.framework; path = System/Library/Frameworks/CoreAudio.framework; sourceTree = SDKROOT; };
		6C8274DE0ED2A64200B5CEEB /* CoreFoundation.framework */ = {isa = PBXFileReference; lastKnownFileType = wrapper.framework; name = CoreFoundation.framework; path = System/Library/Frameworks/CoreFoundation.framework; sourceTree = SDKROOT; };
		6C8274DF0ED2A64200B5CEEB /* CoreGraphics.framework */ = {isa = PBXFileReference; lastKnownFileType = wrapper.framework; name = CoreGraphics.framework; path = System/Library/Frameworks/CoreGraphics.framework; sourceTree = SDKROOT; };
		6C8274E00ED2A64200B5CEEB /* CoreLocation.framework */ = {isa = PBXFileReference; lastKnownFileType = wrapper.framework; name = CoreLocation.framework; path = System/Library/Frameworks/CoreLocation.framework; sourceTree = SDKROOT; };
		6C8274E10ED2A64200B5CEEB /* Foundation.framework */ = {isa = PBXFileReference; lastKnownFileType = wrapper.framework; name = Foundation.framework; path = System/Library/Frameworks/Foundation.framework; sourceTree = SDKROOT; };
		6C8274E30ED2A64200B5CEEB /* MediaPlayer.framework */ = {isa = PBXFileReference; lastKnownFileType = wrapper.framework; name = MediaPlayer.framework; path = System/Library/Frameworks/MediaPlayer.framework; sourceTree = SDKROOT; };
		6C8274E40ED2A64200B5CEEB /* OpenAL.framework */ = {isa = PBXFileReference; lastKnownFileType = wrapper.framework; name = OpenAL.framework; path = System/Library/Frameworks/OpenAL.framework; sourceTree = SDKROOT; };
		6C8274E50ED2A64200B5CEEB /* OpenGLES.framework */ = {isa = PBXFileReference; lastKnownFileType = wrapper.framework; name = OpenGLES.framework; path = System/Library/Frameworks/OpenGLES.framework; sourceTree = SDKROOT; };
		6C8274E60ED2A64200B5CEEB /* QuartzCore.framework */ = {isa = PBXFileReference; lastKnownFileType = wrapper.framework; name = QuartzCore.framework; path = System/Library/Frameworks/QuartzCore.framework; sourceTree = SDKROOT; };
		6C8274E70ED2A64200B5CEEB /* Security.framework */ = {isa = PBXFileReference; lastKnownFileType = wrapper.framework; name = Security.framework; path = System/Library/Frameworks/Security.framework; sourceTree = SDKROOT; };
		6C8274E80ED2A64200B5CEEB /* SystemConfiguration.framework */ = {isa = PBXFileReference; lastKnownFileType = wrapper.framework; name = SystemConfiguration.framework; path = System/Library/Frameworks/SystemConfiguration.framework; sourceTree = SDKROOT; };
		6C8274E90ED2A64200B5CEEB /* UIKit.framework */ = {isa = PBXFileReference; lastKnownFileType = wrapper.framework; name = UIKit.framework; path = System/Library/Frameworks/UIKit.framework; sourceTree = SDKROOT; };
		6C8275270ED2A6AC00B5CEEB /* Accelerate.framework */ = {isa = PBXFileReference; lastKnownFileType = wrapper.framework; name = Accelerate.framework; path = System/Library/PrivateFrameworks/Accelerate.framework; sourceTree = SDKROOT; };
		6C8275280ED2A6AC00B5CEEB /* AccountSettings.framework */ = {isa = PBXFileReference; lastKnownFileType = wrapper.framework; name = AccountSettings.framework; path = System/Library/PrivateFrameworks/AccountSettings.framework; sourceTree = SDKROOT; };
		6C8275290ED2A6AC00B5CEEB /* AOSNotification.framework */ = {isa = PBXFileReference; lastKnownFileType = wrapper.framework; name = AOSNotification.framework; path = System/Library/PrivateFrameworks/AOSNotification.framework; sourceTree = SDKROOT; };
		6C82752A0ED2A6AC00B5CEEB /* Apple80211.framework */ = {isa = PBXFileReference; lastKnownFileType = wrapper.framework; name = Apple80211.framework; path = System/Library/PrivateFrameworks/Apple80211.framework; sourceTree = SDKROOT; };
		6C82752B0ED2A6AC00B5CEEB /* AppleJPEG.framework */ = {isa = PBXFileReference; lastKnownFileType = wrapper.framework; name = AppleJPEG.framework; path = System/Library/PrivateFrameworks/AppleJPEG.framework; sourceTree = SDKROOT; };
		6C82752C0ED2A6AC00B5CEEB /* AppSupport.framework */ = {isa = PBXFileReference; lastKnownFileType = wrapper.framework; name = AppSupport.framework; path = System/Library/PrivateFrameworks/AppSupport.framework; sourceTree = SDKROOT; };
		6C82752D0ED2A6AC00B5CEEB /* ArtworkCache.framework */ = {isa = PBXFileReference; lastKnownFileType = wrapper.framework; name = ArtworkCache.framework; path = System/Library/PrivateFrameworks/ArtworkCache.framework; sourceTree = SDKROOT; };
		6C82752E0ED2A6AC00B5CEEB /* BluetoothManager.framework */ = {isa = PBXFileReference; lastKnownFileType = wrapper.framework; name = BluetoothManager.framework; path = System/Library/PrivateFrameworks/BluetoothManager.framework; sourceTree = SDKROOT; };
		6C82752F0ED2A6AC00B5CEEB /* Bom.framework */ = {isa = PBXFileReference; lastKnownFileType = wrapper.framework; name = Bom.framework; path = System/Library/PrivateFrameworks/Bom.framework; sourceTree = SDKROOT; };
		6C8275300ED2A6AC00B5CEEB /* Calculate.framework */ = {isa = PBXFileReference; lastKnownFileType = wrapper.framework; name = Calculate.framework; path = System/Library/PrivateFrameworks/Calculate.framework; sourceTree = SDKROOT; };
		6C8275310ED2A6AC00B5CEEB /* Calendar.framework */ = {isa = PBXFileReference; lastKnownFileType = wrapper.framework; name = Calendar.framework; path = System/Library/PrivateFrameworks/Calendar.framework; sourceTree = SDKROOT; };
		6C8275320ED2A6AC00B5CEEB /* CalendarUI.framework */ = {isa = PBXFileReference; lastKnownFileType = wrapper.framework; name = CalendarUI.framework; path = System/Library/PrivateFrameworks/CalendarUI.framework; sourceTree = SDKROOT; };
		6C8275330ED2A6AC00B5CEEB /* Camera.framework */ = {isa = PBXFileReference; lastKnownFileType = wrapper.framework; name = Camera.framework; path = System/Library/PrivateFrameworks/Camera.framework; sourceTree = SDKROOT; };
		6C8275340ED2A6AC00B5CEEB /* Celestial.framework */ = {isa = PBXFileReference; lastKnownFileType = wrapper.framework; name = Celestial.framework; path = System/Library/PrivateFrameworks/Celestial.framework; sourceTree = SDKROOT; };
		6C8275350ED2A6AC00B5CEEB /* CoreMedia.framework */ = {isa = PBXFileReference; lastKnownFileType = wrapper.framework; name = CoreMedia.framework; path = System/Library/PrivateFrameworks/CoreMedia.framework; sourceTree = SDKROOT; };
		6C8275360ED2A6AC00B5CEEB /* CoreSurface.framework */ = {isa = PBXFileReference; lastKnownFileType = wrapper.framework; name = CoreSurface.framework; path = System/Library/PrivateFrameworks/CoreSurface.framework; sourceTree = SDKROOT; };
		6C8275370ED2A6AC00B5CEEB /* CoreTelephony.framework */ = {isa = PBXFileReference; lastKnownFileType = wrapper.framework; name = CoreTelephony.framework; path = System/Library/PrivateFrameworks/CoreTelephony.framework; sourceTree = SDKROOT; };
		6C8275380ED2A6AC00B5CEEB /* CoreVideo.framework */ = {isa = PBXFileReference; lastKnownFileType = wrapper.framework; name = CoreVideo.framework; path = System/Library/PrivateFrameworks/CoreVideo.framework; sourceTree = SDKROOT; };
		6C8275390ED2A6AC00B5CEEB /* CrashReporterSupport.framework */ = {isa = PBXFileReference; lastKnownFileType = wrapper.framework; name = CrashReporterSupport.framework; path = System/Library/PrivateFrameworks/CrashReporterSupport.framework; sourceTree = SDKROOT; };
		6C82753A0ED2A6AC00B5CEEB /* DataAccess.framework */ = {isa = PBXFileReference; lastKnownFileType = wrapper.framework; name = DataAccess.framework; path = System/Library/PrivateFrameworks/DataAccess.framework; sourceTree = SDKROOT; };
		6C82753B0ED2A6AC00B5CEEB /* DataAccessExpress.framework */ = {isa = PBXFileReference; lastKnownFileType = wrapper.framework; name = DataAccessExpress.framework; path = System/Library/PrivateFrameworks/DataAccessExpress.framework; sourceTree = SDKROOT; };
		6C82753C0ED2A6AC00B5CEEB /* DataMigration.framework */ = {isa = PBXFileReference; lastKnownFileType = wrapper.framework; name = DataMigration.framework; path = System/Library/PrivateFrameworks/DataMigration.framework; sourceTree = SDKROOT; };
		6C82753D0ED2A6AC00B5CEEB /* EAP8021X.framework */ = {isa = PBXFileReference; lastKnownFileType = wrapper.framework; name = EAP8021X.framework; path = System/Library/PrivateFrameworks/EAP8021X.framework; sourceTree = SDKROOT; };
		6C82753E0ED2A6AC00B5CEEB /* GMM.framework */ = {isa = PBXFileReference; lastKnownFileType = wrapper.framework; name = GMM.framework; path = System/Library/PrivateFrameworks/GMM.framework; sourceTree = SDKROOT; };
		6C82753F0ED2A6AC00B5CEEB /* GraphicsServices.framework */ = {isa = PBXFileReference; lastKnownFileType = wrapper.framework; name = GraphicsServices.framework; path = System/Library/PrivateFrameworks/GraphicsServices.framework; sourceTree = SDKROOT; };
		6C8275400ED2A6AC00B5CEEB /* IAP.framework */ = {isa = PBXFileReference; lastKnownFileType = wrapper.framework; name = IAP.framework; path = System/Library/PrivateFrameworks/IAP.framework; sourceTree = SDKROOT; };
		6C8275410ED2A6AC00B5CEEB /* ImageIO.framework */ = {isa = PBXFileReference; lastKnownFileType = wrapper.framework; name = ImageIO.framework; path = System/Library/PrivateFrameworks/ImageIO.framework; sourceTree = SDKROOT; };
		6C8275420ED2A6AC00B5CEEB /* IOMobileFramebuffer.framework */ = {isa = PBXFileReference; lastKnownFileType = wrapper.framework; name = IOMobileFramebuffer.framework; path = System/Library/PrivateFrameworks/IOMobileFramebuffer.framework; sourceTree = SDKROOT; };
		6C8275430ED2A6AC00B5CEEB /* ITSync.framework */ = {isa = PBXFileReference; lastKnownFileType = wrapper.framework; name = ITSync.framework; path = System/Library/PrivateFrameworks/ITSync.framework; sourceTree = SDKROOT; };
		6C8275440ED2A6AC00B5CEEB /* iTunesStore.framework */ = {isa = PBXFileReference; lastKnownFileType = wrapper.framework; name = iTunesStore.framework; path = System/Library/PrivateFrameworks/iTunesStore.framework; sourceTree = SDKROOT; };
		6C8275450ED2A6AC00B5CEEB /* iTunesStoreUI.framework */ = {isa = PBXFileReference; lastKnownFileType = wrapper.framework; name = iTunesStoreUI.framework; path = System/Library/PrivateFrameworks/iTunesStoreUI.framework; sourceTree = SDKROOT; };
		6C8275460ED2A6AC00B5CEEB /* iWorkImport.framework */ = {isa = PBXFileReference; lastKnownFileType = wrapper.framework; name = iWorkImport.framework; path = System/Library/PrivateFrameworks/iWorkImport.framework; sourceTree = SDKROOT; };
		6C8275470ED2A6AC00B5CEEB /* JavaScriptCore.framework */ = {isa = PBXFileReference; lastKnownFileType = wrapper.framework; name = JavaScriptCore.framework; path = System/Library/PrivateFrameworks/JavaScriptCore.framework; sourceTree = SDKROOT; };
		6C8275480ED2A6AC00B5CEEB /* ManagedConfiguration.framework */ = {isa = PBXFileReference; lastKnownFileType = wrapper.framework; name = ManagedConfiguration.framework; path = System/Library/PrivateFrameworks/ManagedConfiguration.framework; sourceTree = SDKROOT; };
		6C8275490ED2A6AC00B5CEEB /* MapKit.framework */ = {isa = PBXFileReference; lastKnownFileType = wrapper.framework; name = MapKit.framework; path = System/Library/PrivateFrameworks/MapKit.framework; sourceTree = SDKROOT; };
		6C82754A0ED2A6AC00B5CEEB /* MBX2D.framework */ = {isa = PBXFileReference; lastKnownFileType = wrapper.framework; name = MBX2D.framework; path = System/Library/PrivateFrameworks/MBX2D.framework; sourceTree = SDKROOT; };
		6C82754B0ED2A6AC00B5CEEB /* MBXConnect.framework */ = {isa = PBXFileReference; lastKnownFileType = wrapper.framework; name = MBXConnect.framework; path = System/Library/PrivateFrameworks/MBXConnect.framework; sourceTree = SDKROOT; };
		6C82754C0ED2A6AC00B5CEEB /* MediaToolbox.framework */ = {isa = PBXFileReference; lastKnownFileType = wrapper.framework; name = MediaToolbox.framework; path = System/Library/PrivateFrameworks/MediaToolbox.framework; sourceTree = SDKROOT; };
		6C82754D0ED2A6AC00B5CEEB /* Message.framework */ = {isa = PBXFileReference; lastKnownFileType = wrapper.framework; name = Message.framework; path = System/Library/PrivateFrameworks/Message.framework; sourceTree = SDKROOT; };
		6C82754E0ED2A6AC00B5CEEB /* MessageUI.framework */ = {isa = PBXFileReference; lastKnownFileType = wrapper.framework; name = MessageUI.framework; path = System/Library/PrivateFrameworks/MessageUI.framework; sourceTree = SDKROOT; };
		6C8275500ED2A6AC00B5CEEB /* MobileBluetooth.framework */ = {isa = PBXFileReference; lastKnownFileType = wrapper.framework; name = MobileBluetooth.framework; path = System/Library/PrivateFrameworks/MobileBluetooth.framework; sourceTree = SDKROOT; };
		6C8275510ED2A6AC00B5CEEB /* MobileDeviceLink.framework */ = {isa = PBXFileReference; lastKnownFileType = wrapper.framework; name = MobileDeviceLink.framework; path = System/Library/PrivateFrameworks/MobileDeviceLink.framework; sourceTree = SDKROOT; };
		6C8275520ED2A6AC00B5CEEB /* MobileInstallation.framework */ = {isa = PBXFileReference; lastKnownFileType = wrapper.framework; name = MobileInstallation.framework; path = System/Library/PrivateFrameworks/MobileInstallation.framework; sourceTree = SDKROOT; };
		6C8275530ED2A6AC00B5CEEB /* MobileMusicPlayer.framework */ = {isa = PBXFileReference; lastKnownFileType = wrapper.framework; name = MobileMusicPlayer.framework; path = System/Library/PrivateFrameworks/MobileMusicPlayer.framework; sourceTree = SDKROOT; };
		6C8275540ED2A6AC00B5CEEB /* MobileSync.framework */ = {isa = PBXFileReference; lastKnownFileType = wrapper.framework; name = MobileSync.framework; path = System/Library/PrivateFrameworks/MobileSync.framework; sourceTree = SDKROOT; };
		6C8275550ED2A6AC00B5CEEB /* MobileWirelessSync.framework */ = {isa = PBXFileReference; lastKnownFileType = wrapper.framework; name = MobileWirelessSync.framework; path = System/Library/PrivateFrameworks/MobileWirelessSync.framework; sourceTree = SDKROOT; };
		6C8275560ED2A6AC00B5CEEB /* MultitouchSupport.framework */ = {isa = PBXFileReference; lastKnownFileType = wrapper.framework; name = MultitouchSupport.framework; path = System/Library/PrivateFrameworks/MultitouchSupport.framework; sourceTree = SDKROOT; };
		6C8275570ED2A6AC00B5CEEB /* MusicLibrary.framework */ = {isa = PBXFileReference; lastKnownFileType = wrapper.framework; name = MusicLibrary.framework; path = System/Library/PrivateFrameworks/MusicLibrary.framework; sourceTree = SDKROOT; };
		6C8275580ED2A6AC00B5CEEB /* OfficeImport.framework */ = {isa = PBXFileReference; lastKnownFileType = wrapper.framework; name = OfficeImport.framework; path = System/Library/PrivateFrameworks/OfficeImport.framework; sourceTree = SDKROOT; };
		6C8275590ED2A6AC00B5CEEB /* PersistentConnection.framework */ = {isa = PBXFileReference; lastKnownFileType = wrapper.framework; name = PersistentConnection.framework; path = System/Library/PrivateFrameworks/PersistentConnection.framework; sourceTree = SDKROOT; };
		6C82755A0ED2A6AC00B5CEEB /* PhotoLibrary.framework */ = {isa = PBXFileReference; lastKnownFileType = wrapper.framework; name = PhotoLibrary.framework; path = System/Library/PrivateFrameworks/PhotoLibrary.framework; sourceTree = SDKROOT; };
		6C82755B0ED2A6AC00B5CEEB /* Preferences.framework */ = {isa = PBXFileReference; lastKnownFileType = wrapper.framework; name = Preferences.framework; path = System/Library/PrivateFrameworks/Preferences.framework; sourceTree = SDKROOT; };
		6C82755C0ED2A6AC00B5CEEB /* SpringBoardServices.framework */ = {isa = PBXFileReference; lastKnownFileType = wrapper.framework; name = SpringBoardServices.framework; path = System/Library/PrivateFrameworks/SpringBoardServices.framework; sourceTree = SDKROOT; };
		6C82755D0ED2A6AC00B5CEEB /* SpringBoardUI.framework */ = {isa = PBXFileReference; lastKnownFileType = wrapper.framework; name = SpringBoardUI.framework; path = System/Library/PrivateFrameworks/SpringBoardUI.framework; sourceTree = SDKROOT; };
		6C82755E0ED2A6AC00B5CEEB /* Symbolication.framework */ = {isa = PBXFileReference; lastKnownFileType = wrapper.framework; name = Symbolication.framework; path = System/Library/PrivateFrameworks/Symbolication.framework; sourceTree = SDKROOT; };
		6C82755F0ED2A6AC00B5CEEB /* TelephonyUI.framework */ = {isa = PBXFileReference; lastKnownFileType = wrapper.framework; name = TelephonyUI.framework; path = System/Library/PrivateFrameworks/TelephonyUI.framework; sourceTree = SDKROOT; };
		6C8275600ED2A6AC00B5CEEB /* URLify.framework */ = {isa = PBXFileReference; lastKnownFileType = wrapper.framework; name = URLify.framework; path = System/Library/PrivateFrameworks/URLify.framework; sourceTree = SDKROOT; };
		6C8275610ED2A6AC00B5CEEB /* VideoToolbox.framework */ = {isa = PBXFileReference; lastKnownFileType = wrapper.framework; name = VideoToolbox.framework; path = System/Library/PrivateFrameworks/VideoToolbox.framework; sourceTree = SDKROOT; };
		6C8275620ED2A6AC00B5CEEB /* VisualVoicemail.framework */ = {isa = PBXFileReference; lastKnownFileType = wrapper.framework; name = VisualVoicemail.framework; path = System/Library/PrivateFrameworks/VisualVoicemail.framework; sourceTree = SDKROOT; };
		6C8275630ED2A6AC00B5CEEB /* WebCore.framework */ = {isa = PBXFileReference; lastKnownFileType = wrapper.framework; name = WebCore.framework; path = System/Library/PrivateFrameworks/WebCore.framework; sourceTree = SDKROOT; };
		6C8275640ED2A6AC00B5CEEB /* WebKit.framework */ = {isa = PBXFileReference; lastKnownFileType = wrapper.framework; name = WebKit.framework; path = System/Library/PrivateFrameworks/WebKit.framework; sourceTree = SDKROOT; };
		6C8275650ED2A6AC00B5CEEB /* XMPP.framework */ = {isa = PBXFileReference; lastKnownFileType = wrapper.framework; name = XMPP.framework; path = System/Library/PrivateFrameworks/XMPP.framework; sourceTree = SDKROOT; };
		6C8275660ED2A6AC00B5CEEB /* YouTube.framework */ = {isa = PBXFileReference; lastKnownFileType = wrapper.framework; name = YouTube.framework; path = System/Library/PrivateFrameworks/YouTube.framework; sourceTree = SDKROOT; };
		6C8275EE0ED2AA6C00B5CEEB /* H264H1.videodecoder */ = {isa = PBXFileReference; lastKnownFileType = "compiled.mach-o.dylib"; name = H264H1.videodecoder; path = System/Library/VideoDecoders/H264H1.videodecoder; sourceTree = SDKROOT; };
		6C8275EF0ED2AA6C00B5CEEB /* MP4VH1.videodecoder */ = {isa = PBXFileReference; lastKnownFileType = "compiled.mach-o.dylib"; name = MP4VH1.videodecoder; path = System/Library/VideoDecoders/MP4VH1.videodecoder; sourceTree = SDKROOT; };
		6C8275F30ED2AACD00B5CEEB /* libIOKit.dylib */ = {isa = PBXFileReference; lastKnownFileType = "compiled.mach-o.dylib"; name = libIOKit.dylib; path = usr/lib/libIOKit.dylib; sourceTree = SDKROOT; };
		6C8275FC0ED2AAF800B5CEEB /* libafc.dylib */ = {isa = PBXFileReference; lastKnownFileType = "compiled.mach-o.dylib"; name = libafc.dylib; path = usr/lib/libafc.dylib; sourceTree = SDKROOT; };
		6C8275FD0ED2AAF800B5CEEB /* libbsm.dylib */ = {isa = PBXFileReference; lastKnownFileType = "compiled.mach-o.dylib"; name = libbsm.dylib; path = usr/lib/libbsm.dylib; sourceTree = SDKROOT; };
		6C8275FE0ED2AAF800B5CEEB /* libbz2.1.0.4.dylib */ = {isa = PBXFileReference; lastKnownFileType = "compiled.mach-o.dylib"; name = libbz2.1.0.4.dylib; path = usr/lib/libbz2.1.0.4.dylib; sourceTree = SDKROOT; };
		6C8275FF0ED2AAF800B5CEEB /* libcharset.1.dylib */ = {isa = PBXFileReference; lastKnownFileType = "compiled.mach-o.dylib"; name = libcharset.1.dylib; path = usr/lib/libcharset.1.dylib; sourceTree = SDKROOT; };
		6C8276000ED2AAF800B5CEEB /* libedit.2.dylib */ = {isa = PBXFileReference; lastKnownFileType = "compiled.mach-o.dylib"; name = libedit.2.dylib; path = usr/lib/libedit.2.dylib; sourceTree = SDKROOT; };
		6C8276010ED2AAF800B5CEEB /* libexslt.0.dylib */ = {isa = PBXFileReference; lastKnownFileType = "compiled.mach-o.dylib"; name = libexslt.0.dylib; path = usr/lib/libexslt.0.dylib; sourceTree = SDKROOT; };
		6C8276020ED2AAF800B5CEEB /* libform.5.4.dylib */ = {isa = PBXFileReference; lastKnownFileType = "compiled.mach-o.dylib"; name = libform.5.4.dylib; path = usr/lib/libform.5.4.dylib; sourceTree = SDKROOT; };
		6C8276030ED2AAF800B5CEEB /* libgcc_s.1.dylib */ = {isa = PBXFileReference; lastKnownFileType = "compiled.mach-o.dylib"; name = libgcc_s.1.dylib; path = usr/lib/libgcc_s.1.dylib; sourceTree = SDKROOT; };
		6C8276040ED2AAF800B5CEEB /* libiconv.2.dylib */ = {isa = PBXFileReference; lastKnownFileType = "compiled.mach-o.dylib"; name = libiconv.2.dylib; path = usr/lib/libiconv.2.dylib; sourceTree = SDKROOT; };
		6C8276050ED2AAF800B5CEEB /* libicucore.A.dylib */ = {isa = PBXFileReference; lastKnownFileType = "compiled.mach-o.dylib"; name = libicucore.A.dylib; path = usr/lib/libicucore.A.dylib; sourceTree = SDKROOT; };
		6C8276060ED2AAF800B5CEEB /* libIOAccessoryManager.dylib */ = {isa = PBXFileReference; lastKnownFileType = "compiled.mach-o.dylib"; name = libIOAccessoryManager.dylib; path = usr/lib/libIOAccessoryManager.dylib; sourceTree = SDKROOT; };
		6C8276070ED2AAF800B5CEEB /* libipsec.A.dylib */ = {isa = PBXFileReference; lastKnownFileType = "compiled.mach-o.dylib"; name = libipsec.A.dylib; path = usr/lib/libipsec.A.dylib; sourceTree = SDKROOT; };
		6C8276080ED2AAF800B5CEEB /* liblockdown.dylib */ = {isa = PBXFileReference; lastKnownFileType = "compiled.mach-o.dylib"; name = liblockdown.dylib; path = usr/lib/liblockdown.dylib; sourceTree = SDKROOT; };
		6C8276090ED2AAF800B5CEEB /* libmis.dylib */ = {isa = PBXFileReference; lastKnownFileType = "compiled.mach-o.dylib"; name = libmis.dylib; path = usr/lib/libmis.dylib; sourceTree = SDKROOT; };
		6C82760A0ED2AAF800B5CEEB /* libncurses.5.4.dylib */ = {isa = PBXFileReference; lastKnownFileType = "compiled.mach-o.dylib"; name = libncurses.5.4.dylib; path = usr/lib/libncurses.5.4.dylib; sourceTree = SDKROOT; };
		6C82760B0ED2AAF800B5CEEB /* libobjc.A.dylib */ = {isa = PBXFileReference; lastKnownFileType = "compiled.mach-o.dylib"; name = libobjc.A.dylib; path = usr/lib/libobjc.A.dylib; sourceTree = SDKROOT; };
		6C82760C0ED2AAF800B5CEEB /* libresolv.9.dylib */ = {isa = PBXFileReference; lastKnownFileType = "compiled.mach-o.dylib"; name = libresolv.9.dylib; path = usr/lib/libresolv.9.dylib; sourceTree = SDKROOT; };
		6C82760D0ED2AAF800B5CEEB /* libresolv.dylib */ = {isa = PBXFileReference; lastKnownFileType = "compiled.mach-o.dylib"; name = libresolv.dylib; path = usr/lib/libresolv.dylib; sourceTree = SDKROOT; };
		6C82760E0ED2AAF800B5CEEB /* librpcsvc.dylib */ = {isa = PBXFileReference; lastKnownFileType = "compiled.mach-o.dylib"; name = librpcsvc.dylib; path = usr/lib/librpcsvc.dylib; sourceTree = SDKROOT; };
		6C82760F0ED2AAF800B5CEEB /* libsqlite3.0.8.6.dylib */ = {isa = PBXFileReference; lastKnownFileType = "compiled.mach-o.dylib"; name = libsqlite3.0.8.6.dylib; path = usr/lib/libsqlite3.0.8.6.dylib; sourceTree = SDKROOT; };
		6C8276100ED2AAF800B5CEEB /* libsqlite3.0.dylib */ = {isa = PBXFileReference; lastKnownFileType = "compiled.mach-o.dylib"; name = libsqlite3.0.dylib; path = usr/lib/libsqlite3.0.dylib; sourceTree = SDKROOT; };
		6C8276110ED2AAF800B5CEEB /* libsqlite3.dylib */ = {isa = PBXFileReference; lastKnownFileType = "compiled.mach-o.dylib"; name = libsqlite3.dylib; path = usr/lib/libsqlite3.dylib; sourceTree = SDKROOT; };
		6C8276120ED2AAF800B5CEEB /* libstdc++-static.a */ = {isa = PBXFileReference; lastKnownFileType = archive.ar; name = "libstdc++-static.a"; path = "usr/lib/libstdc++-static.a"; sourceTree = SDKROOT; };
		6C8276130ED2AAF800B5CEEB /* libstdc++.6.0.4.dylib */ = {isa = PBXFileReference; lastKnownFileType = "compiled.mach-o.dylib"; name = "libstdc++.6.0.4.dylib"; path = "usr/lib/libstdc++.6.0.4.dylib"; sourceTree = SDKROOT; };
		6C8276140ED2AAF800B5CEEB /* libstdc++.6.dylib */ = {isa = PBXFileReference; lastKnownFileType = "compiled.mach-o.dylib"; name = "libstdc++.6.dylib"; path = "usr/lib/libstdc++.6.dylib"; sourceTree = SDKROOT; };
		6C8276150ED2AAF800B5CEEB /* libsupc++.a */ = {isa = PBXFileReference; lastKnownFileType = archive.ar; name = "libsupc++.a"; path = "usr/lib/libsupc++.a"; sourceTree = SDKROOT; };
		6C8276160ED2AAF800B5CEEB /* libSystem.B.dylib */ = {isa = PBXFileReference; lastKnownFileType = "compiled.mach-o.dylib"; name = libSystem.B.dylib; path = usr/lib/libSystem.B.dylib; sourceTree = SDKROOT; };
		6C8276170ED2AAF800B5CEEB /* libSystem.dylib */ = {isa = PBXFileReference; lastKnownFileType = "compiled.mach-o.dylib"; name = libSystem.dylib; path = usr/lib/libSystem.dylib; sourceTree = SDKROOT; };
		6C8276180ED2AAF800B5CEEB /* libtidy.A.dylib */ = {isa = PBXFileReference; lastKnownFileType = "compiled.mach-o.dylib"; name = libtidy.A.dylib; path = usr/lib/libtidy.A.dylib; sourceTree = SDKROOT; };
		6C8276190ED2AAF800B5CEEB /* libtidy.dylib */ = {isa = PBXFileReference; lastKnownFileType = "compiled.mach-o.dylib"; name = libtidy.dylib; path = usr/lib/libtidy.dylib; sourceTree = SDKROOT; };
		6C82761A0ED2AAF800B5CEEB /* libutil.dylib */ = {isa = PBXFileReference; lastKnownFileType = "compiled.mach-o.dylib"; name = libutil.dylib; path = usr/lib/libutil.dylib; sourceTree = SDKROOT; };
		6C82761B0ED2AAF800B5CEEB /* libutil1.0.dylib */ = {isa = PBXFileReference; lastKnownFileType = "compiled.mach-o.dylib"; name = libutil1.0.dylib; path = usr/lib/libutil1.0.dylib; sourceTree = SDKROOT; };
		6C82761C0ED2AAF800B5CEEB /* libxml2.2.dylib */ = {isa = PBXFileReference; lastKnownFileType = "compiled.mach-o.dylib"; name = libxml2.2.dylib; path = usr/lib/libxml2.2.dylib; sourceTree = SDKROOT; };
		6C82761D0ED2AAF800B5CEEB /* libxml2.dylib */ = {isa = PBXFileReference; lastKnownFileType = "compiled.mach-o.dylib"; name = libxml2.dylib; path = usr/lib/libxml2.dylib; sourceTree = SDKROOT; };
		6C82761F0ED2AAF800B5CEEB /* libxslt.1.dylib */ = {isa = PBXFileReference; lastKnownFileType = "compiled.mach-o.dylib"; name = libxslt.1.dylib; path = usr/lib/libxslt.1.dylib; sourceTree = SDKROOT; };
		6C8276200ED2AAF800B5CEEB /* libxslt.dylib */ = {isa = PBXFileReference; lastKnownFileType = "compiled.mach-o.dylib"; name = libxslt.dylib; path = usr/lib/libxslt.dylib; sourceTree = SDKROOT; };
		6C8276210ED2AAF800B5CEEB /* libz.1.1.3.dylib */ = {isa = PBXFileReference; lastKnownFileType = "compiled.mach-o.dylib"; name = libz.1.1.3.dylib; path = usr/lib/libz.1.1.3.dylib; sourceTree = SDKROOT; };
		6C8276220ED2AAF800B5CEEB /* libz.1.2.3.dylib */ = {isa = PBXFileReference; lastKnownFileType = "compiled.mach-o.dylib"; name = libz.1.2.3.dylib; path = usr/lib/libz.1.2.3.dylib; sourceTree = SDKROOT; };
		6C8276230ED2AAF800B5CEEB /* libz.1.dylib */ = {isa = PBXFileReference; lastKnownFileType = "compiled.mach-o.dylib"; name = libz.1.dylib; path = usr/lib/libz.1.dylib; sourceTree = SDKROOT; };
		6C8276240ED2AAF800B5CEEB /* libz.dylib */ = {isa = PBXFileReference; lastKnownFileType = "compiled.mach-o.dylib"; name = libz.dylib; path = usr/lib/libz.dylib; sourceTree = SDKROOT; };
		6C8276580ED2AB8D00B5CEEB /* libArabicConverter.dylib */ = {isa = PBXFileReference; lastKnownFileType = "compiled.mach-o.dylib"; name = libArabicConverter.dylib; path = System/Library/CoreServices/Encodings/libArabicConverter.dylib; sourceTree = SDKROOT; };
		6C8276590ED2AB8D00B5CEEB /* libCyrillicConverter.dylib */ = {isa = PBXFileReference; lastKnownFileType = "compiled.mach-o.dylib"; name = libCyrillicConverter.dylib; path = System/Library/CoreServices/Encodings/libCyrillicConverter.dylib; sourceTree = SDKROOT; };
		6C82765A0ED2AB8D00B5CEEB /* libGreekConverter.dylib */ = {isa = PBXFileReference; lastKnownFileType = "compiled.mach-o.dylib"; name = libGreekConverter.dylib; path = System/Library/CoreServices/Encodings/libGreekConverter.dylib; sourceTree = SDKROOT; };
		6C82765B0ED2AB8D00B5CEEB /* libHebrewConverter.dylib */ = {isa = PBXFileReference; lastKnownFileType = "compiled.mach-o.dylib"; name = libHebrewConverter.dylib; path = System/Library/CoreServices/Encodings/libHebrewConverter.dylib; sourceTree = SDKROOT; };
		6C82765C0ED2AB8D00B5CEEB /* libJapaneseConverter.dylib */ = {isa = PBXFileReference; lastKnownFileType = "compiled.mach-o.dylib"; name = libJapaneseConverter.dylib; path = System/Library/CoreServices/Encodings/libJapaneseConverter.dylib; sourceTree = SDKROOT; };
		6C82765D0ED2AB8D00B5CEEB /* libKoreanConverter.dylib */ = {isa = PBXFileReference; lastKnownFileType = "compiled.mach-o.dylib"; name = libKoreanConverter.dylib; path = System/Library/CoreServices/Encodings/libKoreanConverter.dylib; sourceTree = SDKROOT; };
		6C82765E0ED2AB8D00B5CEEB /* libLatin2Converter.dylib */ = {isa = PBXFileReference; lastKnownFileType = "compiled.mach-o.dylib"; name = libLatin2Converter.dylib; path = System/Library/CoreServices/Encodings/libLatin2Converter.dylib; sourceTree = SDKROOT; };
		6C82765F0ED2AB8D00B5CEEB /* libLatin5Converter.dylib */ = {isa = PBXFileReference; lastKnownFileType = "compiled.mach-o.dylib"; name = libLatin5Converter.dylib; path = System/Library/CoreServices/Encodings/libLatin5Converter.dylib; sourceTree = SDKROOT; };
		6C8276600ED2AB8D00B5CEEB /* libLatinSuppConverter.dylib */ = {isa = PBXFileReference; lastKnownFileType = "compiled.mach-o.dylib"; name = libLatinSuppConverter.dylib; path = System/Library/CoreServices/Encodings/libLatinSuppConverter.dylib; sourceTree = SDKROOT; };
		6C8276610ED2AB8D00B5CEEB /* libSimplifiedChineseConverter.dylib */ = {isa = PBXFileReference; lastKnownFileType = "compiled.mach-o.dylib"; name = libSimplifiedChineseConverter.dylib; path = System/Library/CoreServices/Encodings/libSimplifiedChineseConverter.dylib; sourceTree = SDKROOT; };
		6C8276620ED2AB8D00B5CEEB /* libSymbolConverter.dylib */ = {isa = PBXFileReference; lastKnownFileType = "compiled.mach-o.dylib"; name = libSymbolConverter.dylib; path = System/Library/CoreServices/Encodings/libSymbolConverter.dylib; sourceTree = SDKROOT; };
		6C8276630ED2AB8D00B5CEEB /* libThaiConverter.dylib */ = {isa = PBXFileReference; lastKnownFileType = "compiled.mach-o.dylib"; name = libThaiConverter.dylib; path = System/Library/CoreServices/Encodings/libThaiConverter.dylib; sourceTree = SDKROOT; };
		6C8276640ED2AB8D00B5CEEB /* libTraditionalChineseConverter.dylib */ = {isa = PBXFileReference; lastKnownFileType = "compiled.mach-o.dylib"; name = libTraditionalChineseConverter.dylib; path = System/Library/CoreServices/Encodings/libTraditionalChineseConverter.dylib; sourceTree = SDKROOT; };
		6C8276650ED2AB8D00B5CEEB /* libVietnameseConverter.dylib */ = {isa = PBXFileReference; lastKnownFileType = "compiled.mach-o.dylib"; name = libVietnameseConverter.dylib; path = System/Library/CoreServices/Encodings/libVietnameseConverter.dylib; sourceTree = SDKROOT; };
		6CA317270ECD611700B4CDEC /* ClassBrowserViewController.xib */ = {isa = PBXFileReference; lastKnownFileType = file.xib; path = ClassBrowserViewController.xib; sourceTree = "<group>"; };
		6CBED43A0ED3E15700A27EB7 /* SubclassesWithImageSectionsDataSource.h */ = {isa = PBXFileReference; fileEncoding = 4; lastKnownFileType = sourcecode.c.h; path = SubclassesWithImageSectionsDataSource.h; sourceTree = "<group>"; };
		6CBED43B0ED3E15700A27EB7 /* SubclassesWithImageSectionsDataSource.m */ = {isa = PBXFileReference; fileEncoding = 4; lastKnownFileType = sourcecode.c.objc; path = SubclassesWithImageSectionsDataSource.m; sourceTree = "<group>"; };
		8D1107310486CEB800E47090 /* Info.plist */ = {isa = PBXFileReference; fileEncoding = 4; lastKnownFileType = text.plist.xml; path = Info.plist; sourceTree = "<group>"; };
/* End PBXFileReference section */

/* Begin PBXFrameworksBuildPhase section */
		1D60588F0D05DD3D006BFB54 /* Frameworks */ = {
			isa = PBXFrameworksBuildPhase;
			buildActionMask = 2147483647;
			files = (
				6C8274EA0ED2A64200B5CEEB /* AddressBook.framework in Frameworks */,
				6C8274EB0ED2A64200B5CEEB /* AddressBookUI.framework in Frameworks */,
				6C8274EC0ED2A64200B5CEEB /* AudioToolbox.framework in Frameworks */,
				6C8274EE0ED2A64200B5CEEB /* CFNetwork.framework in Frameworks */,
				6C8274EF0ED2A64200B5CEEB /* CoreAudio.framework in Frameworks */,
				6C8274F00ED2A64200B5CEEB /* CoreFoundation.framework in Frameworks */,
				6C8274F10ED2A64200B5CEEB /* CoreGraphics.framework in Frameworks */,
				6C8274F20ED2A64200B5CEEB /* CoreLocation.framework in Frameworks */,
				6C8274F30ED2A64200B5CEEB /* Foundation.framework in Frameworks */,
				6C8274F50ED2A64200B5CEEB /* MediaPlayer.framework in Frameworks */,
				6C8274F60ED2A64200B5CEEB /* OpenAL.framework in Frameworks */,
				6C8274F70ED2A64200B5CEEB /* OpenGLES.framework in Frameworks */,
				6C8274F80ED2A64200B5CEEB /* QuartzCore.framework in Frameworks */,
				6C8274F90ED2A64200B5CEEB /* Security.framework in Frameworks */,
				6C8274FA0ED2A64200B5CEEB /* SystemConfiguration.framework in Frameworks */,
				6C8274FB0ED2A64200B5CEEB /* UIKit.framework in Frameworks */,
				6C8275670ED2A6AC00B5CEEB /* Accelerate.framework in Frameworks */,
				6C8275680ED2A6AC00B5CEEB /* AccountSettings.framework in Frameworks */,
				6C8275690ED2A6AC00B5CEEB /* AOSNotification.framework in Frameworks */,
				6C82756A0ED2A6AC00B5CEEB /* Apple80211.framework in Frameworks */,
				6C82756B0ED2A6AC00B5CEEB /* AppleJPEG.framework in Frameworks */,
				6C82756C0ED2A6AC00B5CEEB /* AppSupport.framework in Frameworks */,
				6C82756D0ED2A6AC00B5CEEB /* ArtworkCache.framework in Frameworks */,
				6C82756E0ED2A6AC00B5CEEB /* BluetoothManager.framework in Frameworks */,
				6C82756F0ED2A6AC00B5CEEB /* Bom.framework in Frameworks */,
				6C8275700ED2A6AC00B5CEEB /* Calculate.framework in Frameworks */,
				6C8275710ED2A6AC00B5CEEB /* Calendar.framework in Frameworks */,
				6C8275720ED2A6AC00B5CEEB /* CalendarUI.framework in Frameworks */,
				6C8275730ED2A6AC00B5CEEB /* Camera.framework in Frameworks */,
				6C8275740ED2A6AC00B5CEEB /* Celestial.framework in Frameworks */,
				6C8275750ED2A6AC00B5CEEB /* CoreMedia.framework in Frameworks */,
				6C8275760ED2A6AC00B5CEEB /* CoreSurface.framework in Frameworks */,
				6C8275770ED2A6AC00B5CEEB /* CoreTelephony.framework in Frameworks */,
				6C8275780ED2A6AC00B5CEEB /* CoreVideo.framework in Frameworks */,
				6C8275790ED2A6AC00B5CEEB /* CrashReporterSupport.framework in Frameworks */,
				6C82757A0ED2A6AC00B5CEEB /* DataAccess.framework in Frameworks */,
				6C82757B0ED2A6AC00B5CEEB /* DataAccessExpress.framework in Frameworks */,
				6C82757C0ED2A6AC00B5CEEB /* DataMigration.framework in Frameworks */,
				6C82757D0ED2A6AC00B5CEEB /* EAP8021X.framework in Frameworks */,
				6C82757E0ED2A6AC00B5CEEB /* GMM.framework in Frameworks */,
				6C82757F0ED2A6AC00B5CEEB /* GraphicsServices.framework in Frameworks */,
				6C8275800ED2A6AC00B5CEEB /* IAP.framework in Frameworks */,
				6C8275810ED2A6AC00B5CEEB /* ImageIO.framework in Frameworks */,
				6C8275820ED2A6AC00B5CEEB /* IOMobileFramebuffer.framework in Frameworks */,
				6C8275830ED2A6AC00B5CEEB /* ITSync.framework in Frameworks */,
				6C8275840ED2A6AC00B5CEEB /* iTunesStore.framework in Frameworks */,
				6C8275850ED2A6AC00B5CEEB /* iTunesStoreUI.framework in Frameworks */,
				6C8275860ED2A6AC00B5CEEB /* iWorkImport.framework in Frameworks */,
				6C8275870ED2A6AC00B5CEEB /* JavaScriptCore.framework in Frameworks */,
				6C8275880ED2A6AC00B5CEEB /* ManagedConfiguration.framework in Frameworks */,
				6C8275890ED2A6AC00B5CEEB /* MapKit.framework in Frameworks */,
				6C82758A0ED2A6AC00B5CEEB /* MBX2D.framework in Frameworks */,
				6C82758B0ED2A6AC00B5CEEB /* MBXConnect.framework in Frameworks */,
				6C82758C0ED2A6AC00B5CEEB /* MediaToolbox.framework in Frameworks */,
				6C82758D0ED2A6AC00B5CEEB /* Message.framework in Frameworks */,
				6C82758E0ED2A6AC00B5CEEB /* MessageUI.framework in Frameworks */,
				6C8275900ED2A6AC00B5CEEB /* MobileBluetooth.framework in Frameworks */,
				6C8275910ED2A6AC00B5CEEB /* MobileDeviceLink.framework in Frameworks */,
				6C8275920ED2A6AC00B5CEEB /* MobileInstallation.framework in Frameworks */,
				6C8275930ED2A6AC00B5CEEB /* MobileMusicPlayer.framework in Frameworks */,
				6C8275940ED2A6AC00B5CEEB /* MobileSync.framework in Frameworks */,
				6C8275950ED2A6AC00B5CEEB /* MobileWirelessSync.framework in Frameworks */,
				6C8275960ED2A6AC00B5CEEB /* MultitouchSupport.framework in Frameworks */,
				6C8275970ED2A6AC00B5CEEB /* MusicLibrary.framework in Frameworks */,
				6C8275980ED2A6AC00B5CEEB /* OfficeImport.framework in Frameworks */,
				6C8275990ED2A6AC00B5CEEB /* PersistentConnection.framework in Frameworks */,
				6C82759A0ED2A6AC00B5CEEB /* PhotoLibrary.framework in Frameworks */,
				6C82759B0ED2A6AC00B5CEEB /* Preferences.framework in Frameworks */,
				6C82759C0ED2A6AC00B5CEEB /* SpringBoardServices.framework in Frameworks */,
				6C82759D0ED2A6AC00B5CEEB /* SpringBoardUI.framework in Frameworks */,
				6C82759E0ED2A6AC00B5CEEB /* Symbolication.framework in Frameworks */,
				6C82759F0ED2A6AC00B5CEEB /* TelephonyUI.framework in Frameworks */,
				6C8275A00ED2A6AC00B5CEEB /* URLify.framework in Frameworks */,
				6C8275A10ED2A6AC00B5CEEB /* VideoToolbox.framework in Frameworks */,
				6C8275A20ED2A6AC00B5CEEB /* VisualVoicemail.framework in Frameworks */,
				6C8275A30ED2A6AC00B5CEEB /* WebCore.framework in Frameworks */,
				6C8275A40ED2A6AC00B5CEEB /* WebKit.framework in Frameworks */,
				6C8275A50ED2A6AC00B5CEEB /* XMPP.framework in Frameworks */,
				6C8275A60ED2A6AC00B5CEEB /* YouTube.framework in Frameworks */,
				6C8275F00ED2AA6C00B5CEEB /* H264H1.videodecoder in Frameworks */,
				6C8275F10ED2AA6C00B5CEEB /* MP4VH1.videodecoder in Frameworks */,
				6C8275F40ED2AACD00B5CEEB /* libIOKit.dylib in Frameworks */,
				6C82762B0ED2AAF800B5CEEB /* libafc.dylib in Frameworks */,
				6C82762C0ED2AAF800B5CEEB /* libbsm.dylib in Frameworks */,
				6C82762D0ED2AAF800B5CEEB /* libbz2.1.0.4.dylib in Frameworks */,
				6C82762E0ED2AAF800B5CEEB /* libcharset.1.dylib in Frameworks */,
				6C82762F0ED2AAF800B5CEEB /* libedit.2.dylib in Frameworks */,
				6C8276300ED2AAF800B5CEEB /* libexslt.0.dylib in Frameworks */,
				6C8276310ED2AAF800B5CEEB /* libform.5.4.dylib in Frameworks */,
				6C8276320ED2AAF800B5CEEB /* libgcc_s.1.dylib in Frameworks */,
				6C8276330ED2AAF800B5CEEB /* libiconv.2.dylib in Frameworks */,
				6C8276340ED2AAF800B5CEEB /* libicucore.A.dylib in Frameworks */,
				6C8276350ED2AAF800B5CEEB /* libIOAccessoryManager.dylib in Frameworks */,
				6C8276360ED2AAF800B5CEEB /* libipsec.A.dylib in Frameworks */,
				6C8276370ED2AAF800B5CEEB /* liblockdown.dylib in Frameworks */,
				6C8276380ED2AAF800B5CEEB /* libmis.dylib in Frameworks */,
				6C8276390ED2AAF800B5CEEB /* libncurses.5.4.dylib in Frameworks */,
				6C82763A0ED2AAF800B5CEEB /* libobjc.A.dylib in Frameworks */,
				6C82763B0ED2AAF800B5CEEB /* libresolv.9.dylib in Frameworks */,
				6C82763C0ED2AAF800B5CEEB /* libresolv.dylib in Frameworks */,
				6C82763D0ED2AAF800B5CEEB /* librpcsvc.dylib in Frameworks */,
				6C82763E0ED2AAF800B5CEEB /* libsqlite3.0.8.6.dylib in Frameworks */,
				6C82763F0ED2AAF800B5CEEB /* libsqlite3.0.dylib in Frameworks */,
				6C8276400ED2AAF800B5CEEB /* libsqlite3.dylib in Frameworks */,
				6C8276410ED2AAF800B5CEEB /* libstdc++-static.a in Frameworks */,
				6C8276420ED2AAF800B5CEEB /* libstdc++.6.0.4.dylib in Frameworks */,
				6C8276430ED2AAF800B5CEEB /* libstdc++.6.dylib in Frameworks */,
				6C8276440ED2AAF800B5CEEB /* libsupc++.a in Frameworks */,
				6C8276450ED2AAF800B5CEEB /* libSystem.B.dylib in Frameworks */,
				6C8276460ED2AAF800B5CEEB /* libSystem.dylib in Frameworks */,
				6C8276470ED2AAF800B5CEEB /* libtidy.A.dylib in Frameworks */,
				6C8276480ED2AAF800B5CEEB /* libtidy.dylib in Frameworks */,
				6C8276490ED2AAF800B5CEEB /* libutil.dylib in Frameworks */,
				6C82764A0ED2AAF800B5CEEB /* libutil1.0.dylib in Frameworks */,
				6C82764B0ED2AAF800B5CEEB /* libxml2.2.dylib in Frameworks */,
				6C82764C0ED2AAF800B5CEEB /* libxml2.dylib in Frameworks */,
				6C82764E0ED2AAF800B5CEEB /* libxslt.1.dylib in Frameworks */,
				6C82764F0ED2AAF800B5CEEB /* libxslt.dylib in Frameworks */,
				6C8276500ED2AAF800B5CEEB /* libz.1.1.3.dylib in Frameworks */,
				6C8276510ED2AAF800B5CEEB /* libz.1.2.3.dylib in Frameworks */,
				6C8276520ED2AAF800B5CEEB /* libz.1.dylib in Frameworks */,
				6C8276530ED2AAF800B5CEEB /* libz.dylib in Frameworks */,
				6C82766A0ED2AB8D00B5CEEB /* libArabicConverter.dylib in Frameworks */,
				6C82766B0ED2AB8D00B5CEEB /* libCyrillicConverter.dylib in Frameworks */,
				6C82766C0ED2AB8D00B5CEEB /* libGreekConverter.dylib in Frameworks */,
				6C82766D0ED2AB8D00B5CEEB /* libHebrewConverter.dylib in Frameworks */,
				6C82766E0ED2AB8D00B5CEEB /* libJapaneseConverter.dylib in Frameworks */,
				6C82766F0ED2AB8D00B5CEEB /* libKoreanConverter.dylib in Frameworks */,
				6C8276700ED2AB8D00B5CEEB /* libLatin2Converter.dylib in Frameworks */,
				6C8276710ED2AB8D00B5CEEB /* libLatin5Converter.dylib in Frameworks */,
				6C8276720ED2AB8D00B5CEEB /* libLatinSuppConverter.dylib in Frameworks */,
				6C8276730ED2AB8D00B5CEEB /* libSimplifiedChineseConverter.dylib in Frameworks */,
				6C8276740ED2AB8D00B5CEEB /* libSymbolConverter.dylib in Frameworks */,
				6C8276750ED2AB8D00B5CEEB /* libThaiConverter.dylib in Frameworks */,
				6C8276760ED2AB8D00B5CEEB /* libTraditionalChineseConverter.dylib in Frameworks */,
				6C8276770ED2AB8D00B5CEEB /* libVietnameseConverter.dylib in Frameworks */,
			);
			runOnlyForDeploymentPostprocessing = 0;
		};
/* End PBXFrameworksBuildPhase section */

/* Begin PBXGroup section */
		080E96DDFE201D6D7F000001 /* Classes */ = {
			isa = PBXGroup;
			children = (
				1D3623240D0F684500981E51 /* ClassBrowserAppDelegate.h */,
				1D3623250D0F684500981E51 /* ClassBrowserAppDelegate.m */,
				28D7ACF60DDB3853001CB0EB /* ClassBrowserViewController.h */,
				28D7ACF70DDB3853001CB0EB /* ClassBrowserViewController.m */,
				6C4C1A7D0ECFF52F00BF12F1 /* ClassSearchViewController.h */,
				6C4C1A7E0ECFF52F00BF12F1 /* ClassSearchViewController.m */,
				6C64DE790ECBFE3D003A3DF2 /* ClassTree.h */,
				6C64DE7A0ECBFE3D003A3DF2 /* ClassTree.m */,
				6C82726B0ED283F400B5CEEB /* IndexedDataSource.h */,
				6C82726C0ED283F400B5CEEB /* IndexedDataSource.m */,
				6C8272C40ED2894400B5CEEB /* SubclassesCell.h */,
				6C8272C50ED2894400B5CEEB /* SubclassesCell.m */,
				6C82727D0ED285BA00B5CEEB /* SubclassesDataSource.h */,
				6C82727E0ED285BA00B5CEEB /* SubclassesDataSource.m */,
				6CBED43A0ED3E15700A27EB7 /* SubclassesWithImageSectionsDataSource.h */,
				6CBED43B0ED3E15700A27EB7 /* SubclassesWithImageSectionsDataSource.m */,
			);
			path = Classes;
			sourceTree = "<group>";
		};
		19C28FACFE9D520D11CA2CBB /* Products */ = {
			isa = PBXGroup;
			children = (
				1D6058910D05DD3D006BFB54 /* ClassBrowser.app */,
			);
			name = Products;
			sourceTree = "<group>";
		};
		29B97314FDCFA39411CA2CEA /* CustomTemplate */ = {
			isa = PBXGroup;
			children = (
				080E96DDFE201D6D7F000001 /* Classes */,
				29B97315FDCFA39411CA2CEA /* Other Sources */,
				29B97317FDCFA39411CA2CEA /* Resources */,
				29B97323FDCFA39411CA2CEA /* Frameworks */,
				19C28FACFE9D520D11CA2CBB /* Products */,
			);
			name = CustomTemplate;
			sourceTree = "<group>";
		};
		29B97315FDCFA39411CA2CEA /* Other Sources */ = {
			isa = PBXGroup;
			children = (
				32CA4F630368D1EE00C91783 /* ClassBrowser_Prefix.pch */,
				29B97316FDCFA39411CA2CEA /* main.m */,
			);
			name = "Other Sources";
			sourceTree = "<group>";
		};
		29B97317FDCFA39411CA2CEA /* Resources */ = {
			isa = PBXGroup;
			children = (
				6CA317270ECD611700B4CDEC /* ClassBrowserViewController.xib */,
				6C4C1A790ECFF43D00BF12F1 /* ClassSearchViewController.xib */,
				6C15C4670ED0596000A2E8D9 /* Default.png */,
				28AD733E0D9D9553002E5188 /* MainWindow.xib */,
				8D1107310486CEB800E47090 /* Info.plist */,
				6C7DBF060ECE548D0089E3E5 /* InfoPlist.strings */,
				6C8272B00ED287E800B5CEEB /* SubclassesCell.xib */,
			);
			name = Resources;
			sourceTree = "<group>";
		};
		29B97323FDCFA39411CA2CEA /* Frameworks */ = {
			isa = PBXGroup;
			children = (
				6C8276580ED2AB8D00B5CEEB /* libArabicConverter.dylib */,
				6C8276590ED2AB8D00B5CEEB /* libCyrillicConverter.dylib */,
				6C82765A0ED2AB8D00B5CEEB /* libGreekConverter.dylib */,
				6C82765B0ED2AB8D00B5CEEB /* libHebrewConverter.dylib */,
				6C82765C0ED2AB8D00B5CEEB /* libJapaneseConverter.dylib */,
				6C82765D0ED2AB8D00B5CEEB /* libKoreanConverter.dylib */,
				6C82765E0ED2AB8D00B5CEEB /* libLatin2Converter.dylib */,
				6C82765F0ED2AB8D00B5CEEB /* libLatin5Converter.dylib */,
				6C8276600ED2AB8D00B5CEEB /* libLatinSuppConverter.dylib */,
				6C8276610ED2AB8D00B5CEEB /* libSimplifiedChineseConverter.dylib */,
				6C8276620ED2AB8D00B5CEEB /* libSymbolConverter.dylib */,
				6C8276630ED2AB8D00B5CEEB /* libThaiConverter.dylib */,
				6C8276640ED2AB8D00B5CEEB /* libTraditionalChineseConverter.dylib */,
				6C8276650ED2AB8D00B5CEEB /* libVietnameseConverter.dylib */,
				6C8275FC0ED2AAF800B5CEEB /* libafc.dylib */,
				6C8275FD0ED2AAF800B5CEEB /* libbsm.dylib */,
				6C8275FE0ED2AAF800B5CEEB /* libbz2.1.0.4.dylib */,
				6C8275FF0ED2AAF800B5CEEB /* libcharset.1.dylib */,
				6C8276000ED2AAF800B5CEEB /* libedit.2.dylib */,
				6C8276010ED2AAF800B5CEEB /* libexslt.0.dylib */,
				6C8276020ED2AAF800B5CEEB /* libform.5.4.dylib */,
				6C8276030ED2AAF800B5CEEB /* libgcc_s.1.dylib */,
				6C8276040ED2AAF800B5CEEB /* libiconv.2.dylib */,
				6C8276050ED2AAF800B5CEEB /* libicucore.A.dylib */,
				6C8276060ED2AAF800B5CEEB /* libIOAccessoryManager.dylib */,
				6C8276070ED2AAF800B5CEEB /* libipsec.A.dylib */,
				6C8276080ED2AAF800B5CEEB /* liblockdown.dylib */,
				6C8276090ED2AAF800B5CEEB /* libmis.dylib */,
				6C82760A0ED2AAF800B5CEEB /* libncurses.5.4.dylib */,
				6C82760B0ED2AAF800B5CEEB /* libobjc.A.dylib */,
				6C82760C0ED2AAF800B5CEEB /* libresolv.9.dylib */,
				6C82760D0ED2AAF800B5CEEB /* libresolv.dylib */,
				6C82760E0ED2AAF800B5CEEB /* librpcsvc.dylib */,
				6C82760F0ED2AAF800B5CEEB /* libsqlite3.0.8.6.dylib */,
				6C8276100ED2AAF800B5CEEB /* libsqlite3.0.dylib */,
				6C8276110ED2AAF800B5CEEB /* libsqlite3.dylib */,
				6C8276120ED2AAF800B5CEEB /* libstdc++-static.a */,
				6C8276130ED2AAF800B5CEEB /* libstdc++.6.0.4.dylib */,
				6C8276140ED2AAF800B5CEEB /* libstdc++.6.dylib */,
				6C8276150ED2AAF800B5CEEB /* libsupc++.a */,
				6C8276160ED2AAF800B5CEEB /* libSystem.B.dylib */,
				6C8276170ED2AAF800B5CEEB /* libSystem.dylib */,
				6C8276180ED2AAF800B5CEEB /* libtidy.A.dylib */,
				6C8276190ED2AAF800B5CEEB /* libtidy.dylib */,
				6C82761A0ED2AAF800B5CEEB /* libutil.dylib */,
				6C82761B0ED2AAF800B5CEEB /* libutil1.0.dylib */,
				6C82761C0ED2AAF800B5CEEB /* libxml2.2.dylib */,
				6C82761D0ED2AAF800B5CEEB /* libxml2.dylib */,
				6C82761F0ED2AAF800B5CEEB /* libxslt.1.dylib */,
				6C8276200ED2AAF800B5CEEB /* libxslt.dylib */,
				6C8276210ED2AAF800B5CEEB /* libz.1.1.3.dylib */,
				6C8276220ED2AAF800B5CEEB /* libz.1.2.3.dylib */,
				6C8276230ED2AAF800B5CEEB /* libz.1.dylib */,
				6C8276240ED2AAF800B5CEEB /* libz.dylib */,
				6C8275F30ED2AACD00B5CEEB /* libIOKit.dylib */,
				6C8275EE0ED2AA6C00B5CEEB /* H264H1.videodecoder */,
				6C8275EF0ED2AA6C00B5CEEB /* MP4VH1.videodecoder */,
				6C8275270ED2A6AC00B5CEEB /* Accelerate.framework */,
				6C8275280ED2A6AC00B5CEEB /* AccountSettings.framework */,
				6C8275290ED2A6AC00B5CEEB /* AOSNotification.framework */,
				6C82752A0ED2A6AC00B5CEEB /* Apple80211.framework */,
				6C82752B0ED2A6AC00B5CEEB /* AppleJPEG.framework */,
				6C82752C0ED2A6AC00B5CEEB /* AppSupport.framework */,
				6C82752D0ED2A6AC00B5CEEB /* ArtworkCache.framework */,
				6C82752E0ED2A6AC00B5CEEB /* BluetoothManager.framework */,
				6C82752F0ED2A6AC00B5CEEB /* Bom.framework */,
				6C8275300ED2A6AC00B5CEEB /* Calculate.framework */,
				6C8275310ED2A6AC00B5CEEB /* Calendar.framework */,
				6C8275320ED2A6AC00B5CEEB /* CalendarUI.framework */,
				6C8275330ED2A6AC00B5CEEB /* Camera.framework */,
				6C8275340ED2A6AC00B5CEEB /* Celestial.framework */,
				6C8275350ED2A6AC00B5CEEB /* CoreMedia.framework */,
				6C8275360ED2A6AC00B5CEEB /* CoreSurface.framework */,
				6C8275370ED2A6AC00B5CEEB /* CoreTelephony.framework */,
				6C8275380ED2A6AC00B5CEEB /* CoreVideo.framework */,
				6C8275390ED2A6AC00B5CEEB /* CrashReporterSupport.framework */,
				6C82753A0ED2A6AC00B5CEEB /* DataAccess.framework */,
				6C82753B0ED2A6AC00B5CEEB /* DataAccessExpress.framework */,
				6C82753C0ED2A6AC00B5CEEB /* DataMigration.framework */,
				6C82753D0ED2A6AC00B5CEEB /* EAP8021X.framework */,
				6C82753E0ED2A6AC00B5CEEB /* GMM.framework */,
				6C82753F0ED2A6AC00B5CEEB /* GraphicsServices.framework */,
				6C8275400ED2A6AC00B5CEEB /* IAP.framework */,
				6C8275410ED2A6AC00B5CEEB /* ImageIO.framework */,
				6C8275420ED2A6AC00B5CEEB /* IOMobileFramebuffer.framework */,
				6C8275430ED2A6AC00B5CEEB /* ITSync.framework */,
				6C8275440ED2A6AC00B5CEEB /* iTunesStore.framework */,
				6C8275450ED2A6AC00B5CEEB /* iTunesStoreUI.framework */,
				6C8275460ED2A6AC00B5CEEB /* iWorkImport.framework */,
				6C8275470ED2A6AC00B5CEEB /* JavaScriptCore.framework */,
				6C8275480ED2A6AC00B5CEEB /* ManagedConfiguration.framework */,
				6C8275490ED2A6AC00B5CEEB /* MapKit.framework */,
				6C82754A0ED2A6AC00B5CEEB /* MBX2D.framework */,
				6C82754B0ED2A6AC00B5CEEB /* MBXConnect.framework */,
				6C82754C0ED2A6AC00B5CEEB /* MediaToolbox.framework */,
				6C82754D0ED2A6AC00B5CEEB /* Message.framework */,
				6C82754E0ED2A6AC00B5CEEB /* MessageUI.framework */,
				6C8275500ED2A6AC00B5CEEB /* MobileBluetooth.framework */,
				6C8275510ED2A6AC00B5CEEB /* MobileDeviceLink.framework */,
				6C8275520ED2A6AC00B5CEEB /* MobileInstallation.framework */,
				6C8275530ED2A6AC00B5CEEB /* MobileMusicPlayer.framework */,
				6C8275540ED2A6AC00B5CEEB /* MobileSync.framework */,
				6C8275550ED2A6AC00B5CEEB /* MobileWirelessSync.framework */,
				6C8275560ED2A6AC00B5CEEB /* MultitouchSupport.framework */,
				6C8275570ED2A6AC00B5CEEB /* MusicLibrary.framework */,
				6C8275580ED2A6AC00B5CEEB /* OfficeImport.framework */,
				6C8275590ED2A6AC00B5CEEB /* PersistentConnection.framework */,
				6C82755A0ED2A6AC00B5CEEB /* PhotoLibrary.framework */,
				6C82755B0ED2A6AC00B5CEEB /* Preferences.framework */,
				6C82755C0ED2A6AC00B5CEEB /* SpringBoardServices.framework */,
				6C82755D0ED2A6AC00B5CEEB /* SpringBoardUI.framework */,
				6C82755E0ED2A6AC00B5CEEB /* Symbolication.framework */,
				6C82755F0ED2A6AC00B5CEEB /* TelephonyUI.framework */,
				6C8275600ED2A6AC00B5CEEB /* URLify.framework */,
				6C8275610ED2A6AC00B5CEEB /* VideoToolbox.framework */,
				6C8275620ED2A6AC00B5CEEB /* VisualVoicemail.framework */,
				6C8275630ED2A6AC00B5CEEB /* WebCore.framework */,
				6C8275640ED2A6AC00B5CEEB /* WebKit.framework */,
				6C8275650ED2A6AC00B5CEEB /* XMPP.framework */,
				6C8275660ED2A6AC00B5CEEB /* YouTube.framework */,
				6C8274D80ED2A64200B5CEEB /* AddressBook.framework */,
				6C8274D90ED2A64200B5CEEB /* AddressBookUI.framework */,
				6C8274DA0ED2A64200B5CEEB /* AudioToolbox.framework */,
				6C8274DC0ED2A64200B5CEEB /* CFNetwork.framework */,
				6C8274DD0ED2A64200B5CEEB /* CoreAudio.framework */,
				6C8274DE0ED2A64200B5CEEB /* CoreFoundation.framework */,
				6C8274DF0ED2A64200B5CEEB /* CoreGraphics.framework */,
				6C8274E00ED2A64200B5CEEB /* CoreLocation.framework */,
				6C8274E10ED2A64200B5CEEB /* Foundation.framework */,
				6C8274E30ED2A64200B5CEEB /* MediaPlayer.framework */,
				6C8274E40ED2A64200B5CEEB /* OpenAL.framework */,
				6C8274E50ED2A64200B5CEEB /* OpenGLES.framework */,
				6C8274E60ED2A64200B5CEEB /* QuartzCore.framework */,
				6C8274E70ED2A64200B5CEEB /* Security.framework */,
				6C8274E80ED2A64200B5CEEB /* SystemConfiguration.framework */,
				6C8274E90ED2A64200B5CEEB /* UIKit.framework */,
			);
			name = Frameworks;
			sourceTree = "<group>";
		};
/* End PBXGroup section */

/* Begin PBXNativeTarget section */
		1D6058900D05DD3D006BFB54 /* ClassBrowser */ = {
			isa = PBXNativeTarget;
			buildConfigurationList = 1D6058960D05DD3E006BFB54 /* Build configuration list for PBXNativeTarget "ClassBrowser" */;
			buildPhases = (
				1D60588D0D05DD3D006BFB54 /* Resources */,
				1D60588E0D05DD3D006BFB54 /* Sources */,
				1D60588F0D05DD3D006BFB54 /* Frameworks */,
			);
			buildRules = (
			);
			dependencies = (
			);
			name = ClassBrowser;
			productName = ClassBrowser;
			productReference = 1D6058910D05DD3D006BFB54 /* ClassBrowser.app */;
			productType = "com.apple.product-type.application";
		};
/* End PBXNativeTarget section */

/* Begin PBXProject section */
		29B97313FDCFA39411CA2CEA /* Project object */ = {
			isa = PBXProject;
			buildConfigurationList = C01FCF4E08A954540054247B /* Build configuration list for PBXProject "ClassBrowser" */;
			compatibilityVersion = "Xcode 3.1";
			hasScannedForEncodings = 1;
			mainGroup = 29B97314FDCFA39411CA2CEA /* CustomTemplate */;
			projectDirPath = "";
			projectRoot = "";
			targets = (
				1D6058900D05DD3D006BFB54 /* ClassBrowser */,
			);
		};
/* End PBXProject section */

/* Begin PBXResourcesBuildPhase section */
		1D60588D0D05DD3D006BFB54 /* Resources */ = {
			isa = PBXResourcesBuildPhase;
			buildActionMask = 2147483647;
			files = (
				28AD733F0D9D9553002E5188 /* MainWindow.xib in Resources */,
				6CA317280ECD611700B4CDEC /* ClassBrowserViewController.xib in Resources */,
				6C7DBF070ECE548D0089E3E5 /* InfoPlist.strings in Resources */,
				6C4C1A7A0ECFF43D00BF12F1 /* ClassSearchViewController.xib in Resources */,
				6C15C4680ED0596000A2E8D9 /* Default.png in Resources */,
				6C8272B10ED287E800B5CEEB /* SubclassesCell.xib in Resources */,
			);
			runOnlyForDeploymentPostprocessing = 0;
		};
/* End PBXResourcesBuildPhase section */

/* Begin PBXSourcesBuildPhase section */
		1D60588E0D05DD3D006BFB54 /* Sources */ = {
			isa = PBXSourcesBuildPhase;
			buildActionMask = 2147483647;
			files = (
				1D60589B0D05DD56006BFB54 /* main.m in Sources */,
				1D3623260D0F684500981E51 /* ClassBrowserAppDelegate.m in Sources */,
				28D7ACF80DDB3853001CB0EB /* ClassBrowserViewController.m in Sources */,
				6C64DE7B0ECBFE3D003A3DF2 /* ClassTree.m in Sources */,
				6C4C1A7F0ECFF52F00BF12F1 /* ClassSearchViewController.m in Sources */,
				6C82726D0ED283F400B5CEEB /* IndexedDataSource.m in Sources */,
				6C82727F0ED285BA00B5CEEB /* SubclassesDataSource.m in Sources */,
				6C8272C60ED2894400B5CEEB /* SubclassesCell.m in Sources */,
				6CBED43C0ED3E15700A27EB7 /* SubclassesWithImageSectionsDataSource.m in Sources */,
			);
			runOnlyForDeploymentPostprocessing = 0;
		};
/* End PBXSourcesBuildPhase section */

/* Begin XCBuildConfiguration section */
		1D6058940D05DD3E006BFB54 /* Debug */ = {
			isa = XCBuildConfiguration;
			buildSettings = {
				ALWAYS_SEARCH_USER_PATHS = NO;
				COPY_PHASE_STRIP = NO;
				FRAMEWORK_SEARCH_PATHS = (
					"$(inherited)",
					"\"$(SDKROOT)$(SYSTEM_LIBRARY_DIR)/PrivateFrameworks\"",
				);
				GCC_DYNAMIC_NO_PIC = NO;
				GCC_OPTIMIZATION_LEVEL = 0;
				GCC_PRECOMPILE_PREFIX_HEADER = YES;
				GCC_PREFIX_HEADER = ClassBrowser_Prefix.pch;
				INFOPLIST_FILE = Info.plist;
				LIBRARY_SEARCH_PATHS = (
					"$(inherited)",
					"\"$(SDKROOT)$(SYSTEM_LIBRARY_DIR)/CoreServices/Encodings\"",
					"\"$(SDKROOT)$(SYSTEM_LIBRARY_DIR)/VideoDecoders\"",
				);
				PRODUCT_NAME = ClassBrowser;
			};
			name = Debug;
		};
		1D6058950D05DD3E006BFB54 /* Release */ = {
			isa = XCBuildConfiguration;
			buildSettings = {
				ALWAYS_SEARCH_USER_PATHS = NO;
				COPY_PHASE_STRIP = YES;
				FRAMEWORK_SEARCH_PATHS = (
					"$(inherited)",
					"\"$(SDKROOT)$(SYSTEM_LIBRARY_DIR)/PrivateFrameworks\"",
				);
				GCC_PRECOMPILE_PREFIX_HEADER = YES;
				GCC_PREFIX_HEADER = ClassBrowser_Prefix.pch;
				INFOPLIST_FILE = Info.plist;
				LIBRARY_SEARCH_PATHS = (
					"$(inherited)",
					"\"$(SDKROOT)$(SYSTEM_LIBRARY_DIR)/CoreServices/Encodings\"",
					"\"$(SDKROOT)$(SYSTEM_LIBRARY_DIR)/VideoDecoders\"",
				);
				PRODUCT_NAME = ClassBrowser;
			};
			name = Release;
		};
		C01FCF4F08A954540054247B /* Debug */ = {
			isa = XCBuildConfiguration;
			buildSettings = {
				ARCHS = "$(ARCHS_STANDARD_32_BIT)";
				"CODE_SIGN_IDENTITY[sdk=iphoneos*]" = "iPhone Developer";
				GCC_C_LANGUAGE_STANDARD = c99;
				GCC_WARN_ABOUT_RETURN_TYPE = YES;
				GCC_WARN_UNUSED_VARIABLE = YES;
				ONLY_ACTIVE_ARCH = YES;
				PREBINDING = NO;
				SDKROOT = iphoneos2.1;
			};
			name = Debug;
		};
		C01FCF5008A954540054247B /* Release */ = {
			isa = XCBuildConfiguration;
			buildSettings = {
				ARCHS = "$(ARCHS_STANDARD_32_BIT)";
				"CODE_SIGN_IDENTITY[sdk=iphoneos*]" = "iPhone Developer";
				GCC_C_LANGUAGE_STANDARD = c99;
				GCC_WARN_ABOUT_RETURN_TYPE = YES;
				GCC_WARN_UNUSED_VARIABLE = YES;
				PREBINDING = NO;
				SDKROOT = iphoneos2.1;
			};
			name = Release;
		};
/* End XCBuildConfiguration section */

/* Begin XCConfigurationList section */
		1D6058960D05DD3E006BFB54 /* Build configuration list for PBXNativeTarget "ClassBrowser" */ = {
			isa = XCConfigurationList;
			buildConfigurations = (
				1D6058940D05DD3E006BFB54 /* Debug */,
				1D6058950D05DD3E006BFB54 /* Release */,
			);
			defaultConfigurationIsVisible = 0;
			defaultConfigurationName = Release;
		};
		C01FCF4E08A954540054247B /* Build configuration list for PBXProject "ClassBrowser" */ = {
			isa = XCConfigurationList;
			buildConfigurations = (
				C01FCF4F08A954540054247B /* Debug */,
				C01FCF5008A954540054247B /* Release */,
			);
			defaultConfigurationIsVisible = 0;
			defaultConfigurationName = Release;
		};
/* End XCConfigurationList section */
	};
	rootObject = 29B97313FDCFA39411CA2CEA /* Project object */;
}
