// !$*UTF8*$!
{
	archiveVersion = 1;
	classes = {
	};
	objectVersion = 45;
	objects = {

/* Begin PBXBuildFile section */
		1D3623260D0F684500981E51 /* ClassBrowserAppDelegate.m in Sources */ = {isa = PBXBuildFile; fileRef = 1D3623250D0F684500981E51 /* ClassBrowserAppDelegate.m */; };
		1D60589B0D05DD56006BFB54 /* main.m in Sources */ = {isa = PBXBuildFile; fileRef = 29B97316FDCFA39411CA2CEA /* main.m */; };
		28AD733F0D9D9553002E5188 /* MainWindow.xib in Resources */ = {isa = PBXBuildFile; fileRef = 28AD733E0D9D9553002E5188 /* MainWindow.xib */; };
		28D7ACF80DDB3853001CB0EB /* ClassBrowserViewController.m in Sources */ = {isa = PBXBuildFile; fileRef = 28D7ACF70DDB3853001CB0EB /* ClassBrowserViewController.m */; };
		6C15C4680ED0596000A2E8D9 /* Default.png in Resources */ = {isa = PBXBuildFile; fileRef = 6C15C4670ED0596000A2E8D9 /* Default.png */; };
		6C3A8E930ED03B3C00313D2F /* AddressBook.framework in Frameworks */ = {isa = PBXBuildFile; fileRef = 6C3A8E810ED03B3C00313D2F /* AddressBook.framework */; };
		6C3A8E940ED03B3C00313D2F /* AddressBookUI.framework in Frameworks */ = {isa = PBXBuildFile; fileRef = 6C3A8E820ED03B3C00313D2F /* AddressBookUI.framework */; };
		6C3A8E950ED03B3C00313D2F /* AudioToolbox.framework in Frameworks */ = {isa = PBXBuildFile; fileRef = 6C3A8E830ED03B3C00313D2F /* AudioToolbox.framework */; };
		6C3A8E970ED03B3C00313D2F /* CFNetwork.framework in Frameworks */ = {isa = PBXBuildFile; fileRef = 6C3A8E850ED03B3C00313D2F /* CFNetwork.framework */; };
		6C3A8E980ED03B3C00313D2F /* CoreAudio.framework in Frameworks */ = {isa = PBXBuildFile; fileRef = 6C3A8E860ED03B3C00313D2F /* CoreAudio.framework */; };
		6C3A8E990ED03B3C00313D2F /* CoreFoundation.framework in Frameworks */ = {isa = PBXBuildFile; fileRef = 6C3A8E870ED03B3C00313D2F /* CoreFoundation.framework */; };
		6C3A8E9A0ED03B3C00313D2F /* CoreGraphics.framework in Frameworks */ = {isa = PBXBuildFile; fileRef = 6C3A8E880ED03B3C00313D2F /* CoreGraphics.framework */; };
		6C3A8E9B0ED03B3C00313D2F /* CoreLocation.framework in Frameworks */ = {isa = PBXBuildFile; fileRef = 6C3A8E890ED03B3C00313D2F /* CoreLocation.framework */; };
		6C3A8E9C0ED03B3C00313D2F /* Foundation.framework in Frameworks */ = {isa = PBXBuildFile; fileRef = 6C3A8E8A0ED03B3C00313D2F /* Foundation.framework */; };
		6C3A8E9E0ED03B3C00313D2F /* MediaPlayer.framework in Frameworks */ = {isa = PBXBuildFile; fileRef = 6C3A8E8C0ED03B3C00313D2F /* MediaPlayer.framework */; };
		6C3A8E9F0ED03B3C00313D2F /* OpenAL.framework in Frameworks */ = {isa = PBXBuildFile; fileRef = 6C3A8E8D0ED03B3C00313D2F /* OpenAL.framework */; };
		6C3A8EA00ED03B3C00313D2F /* OpenGLES.framework in Frameworks */ = {isa = PBXBuildFile; fileRef = 6C3A8E8E0ED03B3C00313D2F /* OpenGLES.framework */; };
		6C3A8EA10ED03B3C00313D2F /* QuartzCore.framework in Frameworks */ = {isa = PBXBuildFile; fileRef = 6C3A8E8F0ED03B3C00313D2F /* QuartzCore.framework */; };
		6C3A8EA20ED03B3C00313D2F /* Security.framework in Frameworks */ = {isa = PBXBuildFile; fileRef = 6C3A8E900ED03B3C00313D2F /* Security.framework */; };
		6C3A8EA30ED03B3C00313D2F /* SystemConfiguration.framework in Frameworks */ = {isa = PBXBuildFile; fileRef = 6C3A8E910ED03B3C00313D2F /* SystemConfiguration.framework */; };
		6C3A8EA40ED03B3C00313D2F /* UIKit.framework in Frameworks */ = {isa = PBXBuildFile; fileRef = 6C3A8E920ED03B3C00313D2F /* UIKit.framework */; };
		6C3A8F120ED03B5600313D2F /* Accelerate.framework in Frameworks */ = {isa = PBXBuildFile; fileRef = 6C3A8ED20ED03B5600313D2F /* Accelerate.framework */; };
		6C3A8F130ED03B5600313D2F /* AccountSettings.framework in Frameworks */ = {isa = PBXBuildFile; fileRef = 6C3A8ED30ED03B5600313D2F /* AccountSettings.framework */; };
		6C3A8F140ED03B5600313D2F /* AOSNotification.framework in Frameworks */ = {isa = PBXBuildFile; fileRef = 6C3A8ED40ED03B5600313D2F /* AOSNotification.framework */; };
		6C3A8F150ED03B5600313D2F /* Apple80211.framework in Frameworks */ = {isa = PBXBuildFile; fileRef = 6C3A8ED50ED03B5600313D2F /* Apple80211.framework */; };
		6C3A8F160ED03B5600313D2F /* AppleJPEG.framework in Frameworks */ = {isa = PBXBuildFile; fileRef = 6C3A8ED60ED03B5600313D2F /* AppleJPEG.framework */; };
		6C3A8F170ED03B5600313D2F /* AppSupport.framework in Frameworks */ = {isa = PBXBuildFile; fileRef = 6C3A8ED70ED03B5600313D2F /* AppSupport.framework */; };
		6C3A8F180ED03B5600313D2F /* ArtworkCache.framework in Frameworks */ = {isa = PBXBuildFile; fileRef = 6C3A8ED80ED03B5600313D2F /* ArtworkCache.framework */; };
		6C3A8F190ED03B5600313D2F /* BluetoothManager.framework in Frameworks */ = {isa = PBXBuildFile; fileRef = 6C3A8ED90ED03B5600313D2F /* BluetoothManager.framework */; };
		6C3A8F1A0ED03B5600313D2F /* Bom.framework in Frameworks */ = {isa = PBXBuildFile; fileRef = 6C3A8EDA0ED03B5600313D2F /* Bom.framework */; };
		6C3A8F1B0ED03B5600313D2F /* Calculate.framework in Frameworks */ = {isa = PBXBuildFile; fileRef = 6C3A8EDB0ED03B5600313D2F /* Calculate.framework */; };
		6C3A8F1C0ED03B5600313D2F /* Calendar.framework in Frameworks */ = {isa = PBXBuildFile; fileRef = 6C3A8EDC0ED03B5600313D2F /* Calendar.framework */; };
		6C3A8F1D0ED03B5600313D2F /* CalendarUI.framework in Frameworks */ = {isa = PBXBuildFile; fileRef = 6C3A8EDD0ED03B5600313D2F /* CalendarUI.framework */; };
		6C3A8F1E0ED03B5600313D2F /* Camera.framework in Frameworks */ = {isa = PBXBuildFile; fileRef = 6C3A8EDE0ED03B5600313D2F /* Camera.framework */; };
		6C3A8F1F0ED03B5600313D2F /* Celestial.framework in Frameworks */ = {isa = PBXBuildFile; fileRef = 6C3A8EDF0ED03B5600313D2F /* Celestial.framework */; };
		6C3A8F200ED03B5600313D2F /* CoreMedia.framework in Frameworks */ = {isa = PBXBuildFile; fileRef = 6C3A8EE00ED03B5600313D2F /* CoreMedia.framework */; };
		6C3A8F210ED03B5600313D2F /* CoreSurface.framework in Frameworks */ = {isa = PBXBuildFile; fileRef = 6C3A8EE10ED03B5600313D2F /* CoreSurface.framework */; };
		6C3A8F220ED03B5600313D2F /* CoreTelephony.framework in Frameworks */ = {isa = PBXBuildFile; fileRef = 6C3A8EE20ED03B5600313D2F /* CoreTelephony.framework */; };
		6C3A8F230ED03B5600313D2F /* CoreVideo.framework in Frameworks */ = {isa = PBXBuildFile; fileRef = 6C3A8EE30ED03B5600313D2F /* CoreVideo.framework */; };
		6C3A8F240ED03B5600313D2F /* CrashReporterSupport.framework in Frameworks */ = {isa = PBXBuildFile; fileRef = 6C3A8EE40ED03B5600313D2F /* CrashReporterSupport.framework */; };
		6C3A8F250ED03B5600313D2F /* DataAccess.framework in Frameworks */ = {isa = PBXBuildFile; fileRef = 6C3A8EE50ED03B5600313D2F /* DataAccess.framework */; };
		6C3A8F260ED03B5600313D2F /* DataAccessExpress.framework in Frameworks */ = {isa = PBXBuildFile; fileRef = 6C3A8EE60ED03B5600313D2F /* DataAccessExpress.framework */; };
		6C3A8F270ED03B5600313D2F /* DataMigration.framework in Frameworks */ = {isa = PBXBuildFile; fileRef = 6C3A8EE70ED03B5600313D2F /* DataMigration.framework */; };
		6C3A8F280ED03B5600313D2F /* EAP8021X.framework in Frameworks */ = {isa = PBXBuildFile; fileRef = 6C3A8EE80ED03B5600313D2F /* EAP8021X.framework */; };
		6C3A8F290ED03B5600313D2F /* GMM.framework in Frameworks */ = {isa = PBXBuildFile; fileRef = 6C3A8EE90ED03B5600313D2F /* GMM.framework */; };
		6C3A8F2A0ED03B5600313D2F /* GraphicsServices.framework in Frameworks */ = {isa = PBXBuildFile; fileRef = 6C3A8EEA0ED03B5600313D2F /* GraphicsServices.framework */; };
		6C3A8F2B0ED03B5600313D2F /* IAP.framework in Frameworks */ = {isa = PBXBuildFile; fileRef = 6C3A8EEB0ED03B5600313D2F /* IAP.framework */; };
		6C3A8F2C0ED03B5600313D2F /* ImageIO.framework in Frameworks */ = {isa = PBXBuildFile; fileRef = 6C3A8EEC0ED03B5600313D2F /* ImageIO.framework */; };
		6C3A8F2D0ED03B5600313D2F /* IOMobileFramebuffer.framework in Frameworks */ = {isa = PBXBuildFile; fileRef = 6C3A8EED0ED03B5600313D2F /* IOMobileFramebuffer.framework */; };
		6C3A8F2E0ED03B5600313D2F /* ITSync.framework in Frameworks */ = {isa = PBXBuildFile; fileRef = 6C3A8EEE0ED03B5600313D2F /* ITSync.framework */; };
		6C3A8F2F0ED03B5600313D2F /* iTunesStore.framework in Frameworks */ = {isa = PBXBuildFile; fileRef = 6C3A8EEF0ED03B5600313D2F /* iTunesStore.framework */; };
		6C3A8F300ED03B5600313D2F /* iTunesStoreUI.framework in Frameworks */ = {isa = PBXBuildFile; fileRef = 6C3A8EF00ED03B5600313D2F /* iTunesStoreUI.framework */; };
		6C3A8F310ED03B5600313D2F /* iWorkImport.framework in Frameworks */ = {isa = PBXBuildFile; fileRef = 6C3A8EF10ED03B5600313D2F /* iWorkImport.framework */; };
		6C3A8F320ED03B5600313D2F /* JavaScriptCore.framework in Frameworks */ = {isa = PBXBuildFile; fileRef = 6C3A8EF20ED03B5600313D2F /* JavaScriptCore.framework */; };
		6C3A8F330ED03B5600313D2F /* ManagedConfiguration.framework in Frameworks */ = {isa = PBXBuildFile; fileRef = 6C3A8EF30ED03B5600313D2F /* ManagedConfiguration.framework */; };
		6C3A8F340ED03B5600313D2F /* MapKit.framework in Frameworks */ = {isa = PBXBuildFile; fileRef = 6C3A8EF40ED03B5600313D2F /* MapKit.framework */; };
		6C3A8F350ED03B5600313D2F /* MBX2D.framework in Frameworks */ = {isa = PBXBuildFile; fileRef = 6C3A8EF50ED03B5600313D2F /* MBX2D.framework */; };
		6C3A8F360ED03B5600313D2F /* MBXConnect.framework in Frameworks */ = {isa = PBXBuildFile; fileRef = 6C3A8EF60ED03B5600313D2F /* MBXConnect.framework */; };
		6C3A8F370ED03B5600313D2F /* MediaToolbox.framework in Frameworks */ = {isa = PBXBuildFile; fileRef = 6C3A8EF70ED03B5600313D2F /* MediaToolbox.framework */; };
		6C3A8F380ED03B5600313D2F /* Message.framework in Frameworks */ = {isa = PBXBuildFile; fileRef = 6C3A8EF80ED03B5600313D2F /* Message.framework */; };
		6C3A8F390ED03B5600313D2F /* MessageUI.framework in Frameworks */ = {isa = PBXBuildFile; fileRef = 6C3A8EF90ED03B5600313D2F /* MessageUI.framework */; };
		6C3A8F3B0ED03B5600313D2F /* MobileBluetooth.framework in Frameworks */ = {isa = PBXBuildFile; fileRef = 6C3A8EFB0ED03B5600313D2F /* MobileBluetooth.framework */; };
		6C3A8F3C0ED03B5600313D2F /* MobileDeviceLink.framework in Frameworks */ = {isa = PBXBuildFile; fileRef = 6C3A8EFC0ED03B5600313D2F /* MobileDeviceLink.framework */; };
		6C3A8F3D0ED03B5600313D2F /* MobileInstallation.framework in Frameworks */ = {isa = PBXBuildFile; fileRef = 6C3A8EFD0ED03B5600313D2F /* MobileInstallation.framework */; };
		6C3A8F3E0ED03B5600313D2F /* MobileMusicPlayer.framework in Frameworks */ = {isa = PBXBuildFile; fileRef = 6C3A8EFE0ED03B5600313D2F /* MobileMusicPlayer.framework */; };
		6C3A8F3F0ED03B5600313D2F /* MobileSync.framework in Frameworks */ = {isa = PBXBuildFile; fileRef = 6C3A8EFF0ED03B5600313D2F /* MobileSync.framework */; };
		6C3A8F400ED03B5600313D2F /* MobileWirelessSync.framework in Frameworks */ = {isa = PBXBuildFile; fileRef = 6C3A8F000ED03B5600313D2F /* MobileWirelessSync.framework */; };
		6C3A8F410ED03B5600313D2F /* MultitouchSupport.framework in Frameworks */ = {isa = PBXBuildFile; fileRef = 6C3A8F010ED03B5600313D2F /* MultitouchSupport.framework */; };
		6C3A8F420ED03B5600313D2F /* MusicLibrary.framework in Frameworks */ = {isa = PBXBuildFile; fileRef = 6C3A8F020ED03B5600313D2F /* MusicLibrary.framework */; };
		6C3A8F430ED03B5600313D2F /* OfficeImport.framework in Frameworks */ = {isa = PBXBuildFile; fileRef = 6C3A8F030ED03B5600313D2F /* OfficeImport.framework */; };
		6C3A8F440ED03B5600313D2F /* PersistentConnection.framework in Frameworks */ = {isa = PBXBuildFile; fileRef = 6C3A8F040ED03B5600313D2F /* PersistentConnection.framework */; };
		6C3A8F450ED03B5600313D2F /* PhotoLibrary.framework in Frameworks */ = {isa = PBXBuildFile; fileRef = 6C3A8F050ED03B5600313D2F /* PhotoLibrary.framework */; };
		6C3A8F460ED03B5600313D2F /* Preferences.framework in Frameworks */ = {isa = PBXBuildFile; fileRef = 6C3A8F060ED03B5600313D2F /* Preferences.framework */; };
		6C3A8F470ED03B5600313D2F /* SpringBoardServices.framework in Frameworks */ = {isa = PBXBuildFile; fileRef = 6C3A8F070ED03B5600313D2F /* SpringBoardServices.framework */; };
		6C3A8F480ED03B5600313D2F /* SpringBoardUI.framework in Frameworks */ = {isa = PBXBuildFile; fileRef = 6C3A8F080ED03B5600313D2F /* SpringBoardUI.framework */; };
		6C3A8F490ED03B5600313D2F /* Symbolication.framework in Frameworks */ = {isa = PBXBuildFile; fileRef = 6C3A8F090ED03B5600313D2F /* Symbolication.framework */; };
		6C3A8F4A0ED03B5600313D2F /* TelephonyUI.framework in Frameworks */ = {isa = PBXBuildFile; fileRef = 6C3A8F0A0ED03B5600313D2F /* TelephonyUI.framework */; };
		6C3A8F4B0ED03B5600313D2F /* URLify.framework in Frameworks */ = {isa = PBXBuildFile; fileRef = 6C3A8F0B0ED03B5600313D2F /* URLify.framework */; };
		6C3A8F4C0ED03B5600313D2F /* VideoToolbox.framework in Frameworks */ = {isa = PBXBuildFile; fileRef = 6C3A8F0C0ED03B5600313D2F /* VideoToolbox.framework */; };
		6C3A8F4D0ED03B5600313D2F /* VisualVoicemail.framework in Frameworks */ = {isa = PBXBuildFile; fileRef = 6C3A8F0D0ED03B5600313D2F /* VisualVoicemail.framework */; };
		6C3A8F4E0ED03B5600313D2F /* WebCore.framework in Frameworks */ = {isa = PBXBuildFile; fileRef = 6C3A8F0E0ED03B5600313D2F /* WebCore.framework */; };
		6C3A8F4F0ED03B5600313D2F /* WebKit.framework in Frameworks */ = {isa = PBXBuildFile; fileRef = 6C3A8F0F0ED03B5600313D2F /* WebKit.framework */; };
		6C3A8F500ED03B5600313D2F /* XMPP.framework in Frameworks */ = {isa = PBXBuildFile; fileRef = 6C3A8F100ED03B5600313D2F /* XMPP.framework */; };
		6C3A8F510ED03B5600313D2F /* YouTube.framework in Frameworks */ = {isa = PBXBuildFile; fileRef = 6C3A8F110ED03B5600313D2F /* YouTube.framework */; };
		6C4C1A7A0ECFF43D00BF12F1 /* ClassSearchViewController.xib in Resources */ = {isa = PBXBuildFile; fileRef = 6C4C1A790ECFF43D00BF12F1 /* ClassSearchViewController.xib */; };
		6C4C1A7F0ECFF52F00BF12F1 /* ClassSearchViewController.m in Sources */ = {isa = PBXBuildFile; fileRef = 6C4C1A7E0ECFF52F00BF12F1 /* ClassSearchViewController.m */; };
		6C64DE7B0ECBFE3D003A3DF2 /* ClassTree.m in Sources */ = {isa = PBXBuildFile; fileRef = 6C64DE7A0ECBFE3D003A3DF2 /* ClassTree.m */; };
		6C7DBF070ECE548D0089E3E5 /* InfoPlist.strings in Resources */ = {isa = PBXBuildFile; fileRef = 6C7DBF060ECE548D0089E3E5 /* InfoPlist.strings */; };
		6CA317280ECD611700B4CDEC /* ClassBrowserViewController.xib in Resources */ = {isa = PBXBuildFile; fileRef = 6CA317270ECD611700B4CDEC /* ClassBrowserViewController.xib */; };
		6CA317CF0ECD874100B4CDEC /* ClassDataSource.m in Sources */ = {isa = PBXBuildFile; fileRef = 6CA317CE0ECD874100B4CDEC /* ClassDataSource.m */; };
/* End PBXBuildFile section */

/* Begin PBXFileReference section */
		1D3623240D0F684500981E51 /* ClassBrowserAppDelegate.h */ = {isa = PBXFileReference; fileEncoding = 4; lastKnownFileType = sourcecode.c.h; path = ClassBrowserAppDelegate.h; sourceTree = "<group>"; };
		1D3623250D0F684500981E51 /* ClassBrowserAppDelegate.m */ = {isa = PBXFileReference; fileEncoding = 4; lastKnownFileType = sourcecode.c.objc; path = ClassBrowserAppDelegate.m; sourceTree = "<group>"; };
		1D6058910D05DD3D006BFB54 /* ClassBrowser.app */ = {isa = PBXFileReference; explicitFileType = wrapper.application; includeInIndex = 0; path = ClassBrowser.app; sourceTree = BUILT_PRODUCTS_DIR; };
		28AD733E0D9D9553002E5188 /* MainWindow.xib */ = {isa = PBXFileReference; lastKnownFileType = file.xib; path = MainWindow.xib; sourceTree = "<group>"; };
		28D7ACF60DDB3853001CB0EB /* ClassBrowserViewController.h */ = {isa = PBXFileReference; fileEncoding = 4; lastKnownFileType = sourcecode.c.h; path = ClassBrowserViewController.h; sourceTree = "<group>"; };
		28D7ACF70DDB3853001CB0EB /* ClassBrowserViewController.m */ = {isa = PBXFileReference; fileEncoding = 4; lastKnownFileType = sourcecode.c.objc; path = ClassBrowserViewController.m; sourceTree = "<group>"; };
		29B97316FDCFA39411CA2CEA /* main.m */ = {isa = PBXFileReference; fileEncoding = 4; lastKnownFileType = sourcecode.c.objc; path = main.m; sourceTree = "<group>"; };
		32CA4F630368D1EE00C91783 /* ClassBrowser_Prefix.pch */ = {isa = PBXFileReference; fileEncoding = 4; lastKnownFileType = sourcecode.c.h; path = ClassBrowser_Prefix.pch; sourceTree = "<group>"; };
		6C15C4670ED0596000A2E8D9 /* Default.png */ = {isa = PBXFileReference; lastKnownFileType = image.png; path = Default.png; sourceTree = "<group>"; };
		6C3A8E810ED03B3C00313D2F /* AddressBook.framework */ = {isa = PBXFileReference; lastKnownFileType = wrapper.framework; name = AddressBook.framework; path = System/Library/Frameworks/AddressBook.framework; sourceTree = SDKROOT; };
		6C3A8E820ED03B3C00313D2F /* AddressBookUI.framework */ = {isa = PBXFileReference; lastKnownFileType = wrapper.framework; name = AddressBookUI.framework; path = System/Library/Frameworks/AddressBookUI.framework; sourceTree = SDKROOT; };
		6C3A8E830ED03B3C00313D2F /* AudioToolbox.framework */ = {isa = PBXFileReference; lastKnownFileType = wrapper.framework; name = AudioToolbox.framework; path = System/Library/Frameworks/AudioToolbox.framework; sourceTree = SDKROOT; };
		6C3A8E850ED03B3C00313D2F /* CFNetwork.framework */ = {isa = PBXFileReference; lastKnownFileType = wrapper.framework; name = CFNetwork.framework; path = System/Library/Frameworks/CFNetwork.framework; sourceTree = SDKROOT; };
		6C3A8E860ED03B3C00313D2F /* CoreAudio.framework */ = {isa = PBXFileReference; lastKnownFileType = wrapper.framework; name = CoreAudio.framework; path = System/Library/Frameworks/CoreAudio.framework; sourceTree = SDKROOT; };
		6C3A8E870ED03B3C00313D2F /* CoreFoundation.framework */ = {isa = PBXFileReference; lastKnownFileType = wrapper.framework; name = CoreFoundation.framework; path = System/Library/Frameworks/CoreFoundation.framework; sourceTree = SDKROOT; };
		6C3A8E880ED03B3C00313D2F /* CoreGraphics.framework */ = {isa = PBXFileReference; lastKnownFileType = wrapper.framework; name = CoreGraphics.framework; path = System/Library/Frameworks/CoreGraphics.framework; sourceTree = SDKROOT; };
		6C3A8E890ED03B3C00313D2F /* CoreLocation.framework */ = {isa = PBXFileReference; lastKnownFileType = wrapper.framework; name = CoreLocation.framework; path = System/Library/Frameworks/CoreLocation.framework; sourceTree = SDKROOT; };
		6C3A8E8A0ED03B3C00313D2F /* Foundation.framework */ = {isa = PBXFileReference; lastKnownFileType = wrapper.framework; name = Foundation.framework; path = System/Library/Frameworks/Foundation.framework; sourceTree = SDKROOT; };
		6C3A8E8C0ED03B3C00313D2F /* MediaPlayer.framework */ = {isa = PBXFileReference; lastKnownFileType = wrapper.framework; name = MediaPlayer.framework; path = System/Library/Frameworks/MediaPlayer.framework; sourceTree = SDKROOT; };
		6C3A8E8D0ED03B3C00313D2F /* OpenAL.framework */ = {isa = PBXFileReference; lastKnownFileType = wrapper.framework; name = OpenAL.framework; path = System/Library/Frameworks/OpenAL.framework; sourceTree = SDKROOT; };
		6C3A8E8E0ED03B3C00313D2F /* OpenGLES.framework */ = {isa = PBXFileReference; lastKnownFileType = wrapper.framework; name = OpenGLES.framework; path = System/Library/Frameworks/OpenGLES.framework; sourceTree = SDKROOT; };
		6C3A8E8F0ED03B3C00313D2F /* QuartzCore.framework */ = {isa = PBXFileReference; lastKnownFileType = wrapper.framework; name = QuartzCore.framework; path = System/Library/Frameworks/QuartzCore.framework; sourceTree = SDKROOT; };
		6C3A8E900ED03B3C00313D2F /* Security.framework */ = {isa = PBXFileReference; lastKnownFileType = wrapper.framework; name = Security.framework; path = System/Library/Frameworks/Security.framework; sourceTree = SDKROOT; };
		6C3A8E910ED03B3C00313D2F /* SystemConfiguration.framework */ = {isa = PBXFileReference; lastKnownFileType = wrapper.framework; name = SystemConfiguration.framework; path = System/Library/Frameworks/SystemConfiguration.framework; sourceTree = SDKROOT; };
		6C3A8E920ED03B3C00313D2F /* UIKit.framework */ = {isa = PBXFileReference; lastKnownFileType = wrapper.framework; name = UIKit.framework; path = System/Library/Frameworks/UIKit.framework; sourceTree = SDKROOT; };
		6C3A8ED20ED03B5600313D2F /* Accelerate.framework */ = {isa = PBXFileReference; lastKnownFileType = wrapper.framework; name = Accelerate.framework; path = System/Library/PrivateFrameworks/Accelerate.framework; sourceTree = SDKROOT; };
		6C3A8ED30ED03B5600313D2F /* AccountSettings.framework */ = {isa = PBXFileReference; lastKnownFileType = wrapper.framework; name = AccountSettings.framework; path = System/Library/PrivateFrameworks/AccountSettings.framework; sourceTree = SDKROOT; };
		6C3A8ED40ED03B5600313D2F /* AOSNotification.framework */ = {isa = PBXFileReference; lastKnownFileType = wrapper.framework; name = AOSNotification.framework; path = System/Library/PrivateFrameworks/AOSNotification.framework; sourceTree = SDKROOT; };
		6C3A8ED50ED03B5600313D2F /* Apple80211.framework */ = {isa = PBXFileReference; lastKnownFileType = wrapper.framework; name = Apple80211.framework; path = System/Library/PrivateFrameworks/Apple80211.framework; sourceTree = SDKROOT; };
		6C3A8ED60ED03B5600313D2F /* AppleJPEG.framework */ = {isa = PBXFileReference; lastKnownFileType = wrapper.framework; name = AppleJPEG.framework; path = System/Library/PrivateFrameworks/AppleJPEG.framework; sourceTree = SDKROOT; };
		6C3A8ED70ED03B5600313D2F /* AppSupport.framework */ = {isa = PBXFileReference; lastKnownFileType = wrapper.framework; name = AppSupport.framework; path = System/Library/PrivateFrameworks/AppSupport.framework; sourceTree = SDKROOT; };
		6C3A8ED80ED03B5600313D2F /* ArtworkCache.framework */ = {isa = PBXFileReference; lastKnownFileType = wrapper.framework; name = ArtworkCache.framework; path = System/Library/PrivateFrameworks/ArtworkCache.framework; sourceTree = SDKROOT; };
		6C3A8ED90ED03B5600313D2F /* BluetoothManager.framework */ = {isa = PBXFileReference; lastKnownFileType = wrapper.framework; name = BluetoothManager.framework; path = System/Library/PrivateFrameworks/BluetoothManager.framework; sourceTree = SDKROOT; };
		6C3A8EDA0ED03B5600313D2F /* Bom.framework */ = {isa = PBXFileReference; lastKnownFileType = wrapper.framework; name = Bom.framework; path = System/Library/PrivateFrameworks/Bom.framework; sourceTree = SDKROOT; };
		6C3A8EDB0ED03B5600313D2F /* Calculate.framework */ = {isa = PBXFileReference; lastKnownFileType = wrapper.framework; name = Calculate.framework; path = System/Library/PrivateFrameworks/Calculate.framework; sourceTree = SDKROOT; };
		6C3A8EDC0ED03B5600313D2F /* Calendar.framework */ = {isa = PBXFileReference; lastKnownFileType = wrapper.framework; name = Calendar.framework; path = System/Library/PrivateFrameworks/Calendar.framework; sourceTree = SDKROOT; };
		6C3A8EDD0ED03B5600313D2F /* CalendarUI.framework */ = {isa = PBXFileReference; lastKnownFileType = wrapper.framework; name = CalendarUI.framework; path = System/Library/PrivateFrameworks/CalendarUI.framework; sourceTree = SDKROOT; };
		6C3A8EDE0ED03B5600313D2F /* Camera.framework */ = {isa = PBXFileReference; lastKnownFileType = wrapper.framework; name = Camera.framework; path = System/Library/PrivateFrameworks/Camera.framework; sourceTree = SDKROOT; };
		6C3A8EDF0ED03B5600313D2F /* Celestial.framework */ = {isa = PBXFileReference; lastKnownFileType = wrapper.framework; name = Celestial.framework; path = System/Library/PrivateFrameworks/Celestial.framework; sourceTree = SDKROOT; };
		6C3A8EE00ED03B5600313D2F /* CoreMedia.framework */ = {isa = PBXFileReference; lastKnownFileType = wrapper.framework; name = CoreMedia.framework; path = System/Library/PrivateFrameworks/CoreMedia.framework; sourceTree = SDKROOT; };
		6C3A8EE10ED03B5600313D2F /* CoreSurface.framework */ = {isa = PBXFileReference; lastKnownFileType = wrapper.framework; name = CoreSurface.framework; path = System/Library/PrivateFrameworks/CoreSurface.framework; sourceTree = SDKROOT; };
		6C3A8EE20ED03B5600313D2F /* CoreTelephony.framework */ = {isa = PBXFileReference; lastKnownFileType = wrapper.framework; name = CoreTelephony.framework; path = System/Library/PrivateFrameworks/CoreTelephony.framework; sourceTree = SDKROOT; };
		6C3A8EE30ED03B5600313D2F /* CoreVideo.framework */ = {isa = PBXFileReference; lastKnownFileType = wrapper.framework; name = CoreVideo.framework; path = System/Library/PrivateFrameworks/CoreVideo.framework; sourceTree = SDKROOT; };
		6C3A8EE40ED03B5600313D2F /* CrashReporterSupport.framework */ = {isa = PBXFileReference; lastKnownFileType = wrapper.framework; name = CrashReporterSupport.framework; path = System/Library/PrivateFrameworks/CrashReporterSupport.framework; sourceTree = SDKROOT; };
		6C3A8EE50ED03B5600313D2F /* DataAccess.framework */ = {isa = PBXFileReference; lastKnownFileType = wrapper.framework; name = DataAccess.framework; path = System/Library/PrivateFrameworks/DataAccess.framework; sourceTree = SDKROOT; };
		6C3A8EE60ED03B5600313D2F /* DataAccessExpress.framework */ = {isa = PBXFileReference; lastKnownFileType = wrapper.framework; name = DataAccessExpress.framework; path = System/Library/PrivateFrameworks/DataAccessExpress.framework; sourceTree = SDKROOT; };
		6C3A8EE70ED03B5600313D2F /* DataMigration.framework */ = {isa = PBXFileReference; lastKnownFileType = wrapper.framework; name = DataMigration.framework; path = System/Library/PrivateFrameworks/DataMigration.framework; sourceTree = SDKROOT; };
		6C3A8EE80ED03B5600313D2F /* EAP8021X.framework */ = {isa = PBXFileReference; lastKnownFileType = wrapper.framework; name = EAP8021X.framework; path = System/Library/PrivateFrameworks/EAP8021X.framework; sourceTree = SDKROOT; };
		6C3A8EE90ED03B5600313D2F /* GMM.framework */ = {isa = PBXFileReference; lastKnownFileType = wrapper.framework; name = GMM.framework; path = System/Library/PrivateFrameworks/GMM.framework; sourceTree = SDKROOT; };
		6C3A8EEA0ED03B5600313D2F /* GraphicsServices.framework */ = {isa = PBXFileReference; lastKnownFileType = wrapper.framework; name = GraphicsServices.framework; path = System/Library/PrivateFrameworks/GraphicsServices.framework; sourceTree = SDKROOT; };
		6C3A8EEB0ED03B5600313D2F /* IAP.framework */ = {isa = PBXFileReference; lastKnownFileType = wrapper.framework; name = IAP.framework; path = System/Library/PrivateFrameworks/IAP.framework; sourceTree = SDKROOT; };
		6C3A8EEC0ED03B5600313D2F /* ImageIO.framework */ = {isa = PBXFileReference; lastKnownFileType = wrapper.framework; name = ImageIO.framework; path = System/Library/PrivateFrameworks/ImageIO.framework; sourceTree = SDKROOT; };
		6C3A8EED0ED03B5600313D2F /* IOMobileFramebuffer.framework */ = {isa = PBXFileReference; lastKnownFileType = wrapper.framework; name = IOMobileFramebuffer.framework; path = System/Library/PrivateFrameworks/IOMobileFramebuffer.framework; sourceTree = SDKROOT; };
		6C3A8EEE0ED03B5600313D2F /* ITSync.framework */ = {isa = PBXFileReference; lastKnownFileType = wrapper.framework; name = ITSync.framework; path = System/Library/PrivateFrameworks/ITSync.framework; sourceTree = SDKROOT; };
		6C3A8EEF0ED03B5600313D2F /* iTunesStore.framework */ = {isa = PBXFileReference; lastKnownFileType = wrapper.framework; name = iTunesStore.framework; path = System/Library/PrivateFrameworks/iTunesStore.framework; sourceTree = SDKROOT; };
		6C3A8EF00ED03B5600313D2F /* iTunesStoreUI.framework */ = {isa = PBXFileReference; lastKnownFileType = wrapper.framework; name = iTunesStoreUI.framework; path = System/Library/PrivateFrameworks/iTunesStoreUI.framework; sourceTree = SDKROOT; };
		6C3A8EF10ED03B5600313D2F /* iWorkImport.framework */ = {isa = PBXFileReference; lastKnownFileType = wrapper.framework; name = iWorkImport.framework; path = System/Library/PrivateFrameworks/iWorkImport.framework; sourceTree = SDKROOT; };
		6C3A8EF20ED03B5600313D2F /* JavaScriptCore.framework */ = {isa = PBXFileReference; lastKnownFileType = wrapper.framework; name = JavaScriptCore.framework; path = System/Library/PrivateFrameworks/JavaScriptCore.framework; sourceTree = SDKROOT; };
		6C3A8EF30ED03B5600313D2F /* ManagedConfiguration.framework */ = {isa = PBXFileReference; lastKnownFileType = wrapper.framework; name = ManagedConfiguration.framework; path = System/Library/PrivateFrameworks/ManagedConfiguration.framework; sourceTree = SDKROOT; };
		6C3A8EF40ED03B5600313D2F /* MapKit.framework */ = {isa = PBXFileReference; lastKnownFileType = wrapper.framework; name = MapKit.framework; path = System/Library/PrivateFrameworks/MapKit.framework; sourceTree = SDKROOT; };
		6C3A8EF50ED03B5600313D2F /* MBX2D.framework */ = {isa = PBXFileReference; lastKnownFileType = wrapper.framework; name = MBX2D.framework; path = System/Library/PrivateFrameworks/MBX2D.framework; sourceTree = SDKROOT; };
		6C3A8EF60ED03B5600313D2F /* MBXConnect.framework */ = {isa = PBXFileReference; lastKnownFileType = wrapper.framework; name = MBXConnect.framework; path = System/Library/PrivateFrameworks/MBXConnect.framework; sourceTree = SDKROOT; };
		6C3A8EF70ED03B5600313D2F /* MediaToolbox.framework */ = {isa = PBXFileReference; lastKnownFileType = wrapper.framework; name = MediaToolbox.framework; path = System/Library/PrivateFrameworks/MediaToolbox.framework; sourceTree = SDKROOT; };
		6C3A8EF80ED03B5600313D2F /* Message.framework */ = {isa = PBXFileReference; lastKnownFileType = wrapper.framework; name = Message.framework; path = System/Library/PrivateFrameworks/Message.framework; sourceTree = SDKROOT; };
		6C3A8EF90ED03B5600313D2F /* MessageUI.framework */ = {isa = PBXFileReference; lastKnownFileType = wrapper.framework; name = MessageUI.framework; path = System/Library/PrivateFrameworks/MessageUI.framework; sourceTree = SDKROOT; };
		6C3A8EFB0ED03B5600313D2F /* MobileBluetooth.framework */ = {isa = PBXFileReference; lastKnownFileType = wrapper.framework; name = MobileBluetooth.framework; path = System/Library/PrivateFrameworks/MobileBluetooth.framework; sourceTree = SDKROOT; };
		6C3A8EFC0ED03B5600313D2F /* MobileDeviceLink.framework */ = {isa = PBXFileReference; lastKnownFileType = wrapper.framework; name = MobileDeviceLink.framework; path = System/Library/PrivateFrameworks/MobileDeviceLink.framework; sourceTree = SDKROOT; };
		6C3A8EFD0ED03B5600313D2F /* MobileInstallation.framework */ = {isa = PBXFileReference; lastKnownFileType = wrapper.framework; name = MobileInstallation.framework; path = System/Library/PrivateFrameworks/MobileInstallation.framework; sourceTree = SDKROOT; };
		6C3A8EFE0ED03B5600313D2F /* MobileMusicPlayer.framework */ = {isa = PBXFileReference; lastKnownFileType = wrapper.framework; name = MobileMusicPlayer.framework; path = System/Library/PrivateFrameworks/MobileMusicPlayer.framework; sourceTree = SDKROOT; };
		6C3A8EFF0ED03B5600313D2F /* MobileSync.framework */ = {isa = PBXFileReference; lastKnownFileType = wrapper.framework; name = MobileSync.framework; path = System/Library/PrivateFrameworks/MobileSync.framework; sourceTree = SDKROOT; };
		6C3A8F000ED03B5600313D2F /* MobileWirelessSync.framework */ = {isa = PBXFileReference; lastKnownFileType = wrapper.framework; name = MobileWirelessSync.framework; path = System/Library/PrivateFrameworks/MobileWirelessSync.framework; sourceTree = SDKROOT; };
		6C3A8F010ED03B5600313D2F /* MultitouchSupport.framework */ = {isa = PBXFileReference; lastKnownFileType = wrapper.framework; name = MultitouchSupport.framework; path = System/Library/PrivateFrameworks/MultitouchSupport.framework; sourceTree = SDKROOT; };
		6C3A8F020ED03B5600313D2F /* MusicLibrary.framework */ = {isa = PBXFileReference; lastKnownFileType = wrapper.framework; name = MusicLibrary.framework; path = System/Library/PrivateFrameworks/MusicLibrary.framework; sourceTree = SDKROOT; };
		6C3A8F030ED03B5600313D2F /* OfficeImport.framework */ = {isa = PBXFileReference; lastKnownFileType = wrapper.framework; name = OfficeImport.framework; path = System/Library/PrivateFrameworks/OfficeImport.framework; sourceTree = SDKROOT; };
		6C3A8F040ED03B5600313D2F /* PersistentConnection.framework */ = {isa = PBXFileReference; lastKnownFileType = wrapper.framework; name = PersistentConnection.framework; path = System/Library/PrivateFrameworks/PersistentConnection.framework; sourceTree = SDKROOT; };
		6C3A8F050ED03B5600313D2F /* PhotoLibrary.framework */ = {isa = PBXFileReference; lastKnownFileType = wrapper.framework; name = PhotoLibrary.framework; path = System/Library/PrivateFrameworks/PhotoLibrary.framework; sourceTree = SDKROOT; };
		6C3A8F060ED03B5600313D2F /* Preferences.framework */ = {isa = PBXFileReference; lastKnownFileType = wrapper.framework; name = Preferences.framework; path = System/Library/PrivateFrameworks/Preferences.framework; sourceTree = SDKROOT; };
		6C3A8F070ED03B5600313D2F /* SpringBoardServices.framework */ = {isa = PBXFileReference; lastKnownFileType = wrapper.framework; name = SpringBoardServices.framework; path = System/Library/PrivateFrameworks/SpringBoardServices.framework; sourceTree = SDKROOT; };
		6C3A8F080ED03B5600313D2F /* SpringBoardUI.framework */ = {isa = PBXFileReference; lastKnownFileType = wrapper.framework; name = SpringBoardUI.framework; path = System/Library/PrivateFrameworks/SpringBoardUI.framework; sourceTree = SDKROOT; };
		6C3A8F090ED03B5600313D2F /* Symbolication.framework */ = {isa = PBXFileReference; lastKnownFileType = wrapper.framework; name = Symbolication.framework; path = System/Library/PrivateFrameworks/Symbolication.framework; sourceTree = SDKROOT; };
		6C3A8F0A0ED03B5600313D2F /* TelephonyUI.framework */ = {isa = PBXFileReference; lastKnownFileType = wrapper.framework; name = TelephonyUI.framework; path = System/Library/PrivateFrameworks/TelephonyUI.framework; sourceTree = SDKROOT; };
		6C3A8F0B0ED03B5600313D2F /* URLify.framework */ = {isa = PBXFileReference; lastKnownFileType = wrapper.framework; name = URLify.framework; path = System/Library/PrivateFrameworks/URLify.framework; sourceTree = SDKROOT; };
		6C3A8F0C0ED03B5600313D2F /* VideoToolbox.framework */ = {isa = PBXFileReference; lastKnownFileType = wrapper.framework; name = VideoToolbox.framework; path = System/Library/PrivateFrameworks/VideoToolbox.framework; sourceTree = SDKROOT; };
		6C3A8F0D0ED03B5600313D2F /* VisualVoicemail.framework */ = {isa = PBXFileReference; lastKnownFileType = wrapper.framework; name = VisualVoicemail.framework; path = System/Library/PrivateFrameworks/VisualVoicemail.framework; sourceTree = SDKROOT; };
		6C3A8F0E0ED03B5600313D2F /* WebCore.framework */ = {isa = PBXFileReference; lastKnownFileType = wrapper.framework; name = WebCore.framework; path = System/Library/PrivateFrameworks/WebCore.framework; sourceTree = SDKROOT; };
		6C3A8F0F0ED03B5600313D2F /* WebKit.framework */ = {isa = PBXFileReference; lastKnownFileType = wrapper.framework; name = WebKit.framework; path = System/Library/PrivateFrameworks/WebKit.framework; sourceTree = SDKROOT; };
		6C3A8F100ED03B5600313D2F /* XMPP.framework */ = {isa = PBXFileReference; lastKnownFileType = wrapper.framework; name = XMPP.framework; path = System/Library/PrivateFrameworks/XMPP.framework; sourceTree = SDKROOT; };
		6C3A8F110ED03B5600313D2F /* YouTube.framework */ = {isa = PBXFileReference; lastKnownFileType = wrapper.framework; name = YouTube.framework; path = System/Library/PrivateFrameworks/YouTube.framework; sourceTree = SDKROOT; };
		6C4C1A790ECFF43D00BF12F1 /* ClassSearchViewController.xib */ = {isa = PBXFileReference; lastKnownFileType = file.xib; path = ClassSearchViewController.xib; sourceTree = "<group>"; };
		6C4C1A7D0ECFF52F00BF12F1 /* ClassSearchViewController.h */ = {isa = PBXFileReference; fileEncoding = 4; lastKnownFileType = sourcecode.c.h; path = ClassSearchViewController.h; sourceTree = "<group>"; };
		6C4C1A7E0ECFF52F00BF12F1 /* ClassSearchViewController.m */ = {isa = PBXFileReference; fileEncoding = 4; lastKnownFileType = sourcecode.c.objc; path = ClassSearchViewController.m; sourceTree = "<group>"; };
		6C64DE790ECBFE3D003A3DF2 /* ClassTree.h */ = {isa = PBXFileReference; fileEncoding = 4; lastKnownFileType = sourcecode.c.h; path = ClassTree.h; sourceTree = "<group>"; };
		6C64DE7A0ECBFE3D003A3DF2 /* ClassTree.m */ = {isa = PBXFileReference; fileEncoding = 4; lastKnownFileType = sourcecode.c.objc; path = ClassTree.m; sourceTree = "<group>"; };
		6C7DBF060ECE548D0089E3E5 /* InfoPlist.strings */ = {isa = PBXFileReference; fileEncoding = 10; lastKnownFileType = text.plist.strings; path = InfoPlist.strings; sourceTree = "<group>"; };
		6CA317270ECD611700B4CDEC /* ClassBrowserViewController.xib */ = {isa = PBXFileReference; lastKnownFileType = file.xib; path = ClassBrowserViewController.xib; sourceTree = "<group>"; };
		6CA317CD0ECD874100B4CDEC /* ClassDataSource.h */ = {isa = PBXFileReference; fileEncoding = 4; lastKnownFileType = sourcecode.c.h; path = ClassDataSource.h; sourceTree = "<group>"; };
		6CA317CE0ECD874100B4CDEC /* ClassDataSource.m */ = {isa = PBXFileReference; fileEncoding = 4; lastKnownFileType = sourcecode.c.objc; path = ClassDataSource.m; sourceTree = "<group>"; };
		8D1107310486CEB800E47090 /* Info.plist */ = {isa = PBXFileReference; fileEncoding = 4; lastKnownFileType = text.plist.xml; path = Info.plist; sourceTree = "<group>"; };
/* End PBXFileReference section */

/* Begin PBXFrameworksBuildPhase section */
		1D60588F0D05DD3D006BFB54 /* Frameworks */ = {
			isa = PBXFrameworksBuildPhase;
			buildActionMask = 2147483647;
			files = (
				6C3A8E930ED03B3C00313D2F /* AddressBook.framework in Frameworks */,
				6C3A8E940ED03B3C00313D2F /* AddressBookUI.framework in Frameworks */,
				6C3A8E950ED03B3C00313D2F /* AudioToolbox.framework in Frameworks */,
				6C3A8E970ED03B3C00313D2F /* CFNetwork.framework in Frameworks */,
				6C3A8E980ED03B3C00313D2F /* CoreAudio.framework in Frameworks */,
				6C3A8E990ED03B3C00313D2F /* CoreFoundation.framework in Frameworks */,
				6C3A8E9A0ED03B3C00313D2F /* CoreGraphics.framework in Frameworks */,
				6C3A8E9B0ED03B3C00313D2F /* CoreLocation.framework in Frameworks */,
				6C3A8E9C0ED03B3C00313D2F /* Foundation.framework in Frameworks */,
				6C3A8E9E0ED03B3C00313D2F /* MediaPlayer.framework in Frameworks */,
				6C3A8E9F0ED03B3C00313D2F /* OpenAL.framework in Frameworks */,
				6C3A8EA00ED03B3C00313D2F /* OpenGLES.framework in Frameworks */,
				6C3A8EA10ED03B3C00313D2F /* QuartzCore.framework in Frameworks */,
				6C3A8EA20ED03B3C00313D2F /* Security.framework in Frameworks */,
				6C3A8EA30ED03B3C00313D2F /* SystemConfiguration.framework in Frameworks */,
				6C3A8EA40ED03B3C00313D2F /* UIKit.framework in Frameworks */,
				6C3A8F120ED03B5600313D2F /* Accelerate.framework in Frameworks */,
				6C3A8F130ED03B5600313D2F /* AccountSettings.framework in Frameworks */,
				6C3A8F140ED03B5600313D2F /* AOSNotification.framework in Frameworks */,
				6C3A8F150ED03B5600313D2F /* Apple80211.framework in Frameworks */,
				6C3A8F160ED03B5600313D2F /* AppleJPEG.framework in Frameworks */,
				6C3A8F170ED03B5600313D2F /* AppSupport.framework in Frameworks */,
				6C3A8F180ED03B5600313D2F /* ArtworkCache.framework in Frameworks */,
				6C3A8F190ED03B5600313D2F /* BluetoothManager.framework in Frameworks */,
				6C3A8F1A0ED03B5600313D2F /* Bom.framework in Frameworks */,
				6C3A8F1B0ED03B5600313D2F /* Calculate.framework in Frameworks */,
				6C3A8F1C0ED03B5600313D2F /* Calendar.framework in Frameworks */,
				6C3A8F1D0ED03B5600313D2F /* CalendarUI.framework in Frameworks */,
				6C3A8F1E0ED03B5600313D2F /* Camera.framework in Frameworks */,
				6C3A8F1F0ED03B5600313D2F /* Celestial.framework in Frameworks */,
				6C3A8F200ED03B5600313D2F /* CoreMedia.framework in Frameworks */,
				6C3A8F210ED03B5600313D2F /* CoreSurface.framework in Frameworks */,
				6C3A8F220ED03B5600313D2F /* CoreTelephony.framework in Frameworks */,
				6C3A8F230ED03B5600313D2F /* CoreVideo.framework in Frameworks */,
				6C3A8F240ED03B5600313D2F /* CrashReporterSupport.framework in Frameworks */,
				6C3A8F250ED03B5600313D2F /* DataAccess.framework in Frameworks */,
				6C3A8F260ED03B5600313D2F /* DataAccessExpress.framework in Frameworks */,
				6C3A8F270ED03B5600313D2F /* DataMigration.framework in Frameworks */,
				6C3A8F280ED03B5600313D2F /* EAP8021X.framework in Frameworks */,
				6C3A8F290ED03B5600313D2F /* GMM.framework in Frameworks */,
				6C3A8F2A0ED03B5600313D2F /* GraphicsServices.framework in Frameworks */,
				6C3A8F2B0ED03B5600313D2F /* IAP.framework in Frameworks */,
				6C3A8F2C0ED03B5600313D2F /* ImageIO.framework in Frameworks */,
				6C3A8F2D0ED03B5600313D2F /* IOMobileFramebuffer.framework in Frameworks */,
				6C3A8F2E0ED03B5600313D2F /* ITSync.framework in Frameworks */,
				6C3A8F2F0ED03B5600313D2F /* iTunesStore.framework in Frameworks */,
				6C3A8F300ED03B5600313D2F /* iTunesStoreUI.framework in Frameworks */,
				6C3A8F310ED03B5600313D2F /* iWorkImport.framework in Frameworks */,
				6C3A8F320ED03B5600313D2F /* JavaScriptCore.framework in Frameworks */,
				6C3A8F330ED03B5600313D2F /* ManagedConfiguration.framework in Frameworks */,
				6C3A8F340ED03B5600313D2F /* MapKit.framework in Frameworks */,
				6C3A8F350ED03B5600313D2F /* MBX2D.framework in Frameworks */,
				6C3A8F360ED03B5600313D2F /* MBXConnect.framework in Frameworks */,
				6C3A8F370ED03B5600313D2F /* MediaToolbox.framework in Frameworks */,
				6C3A8F380ED03B5600313D2F /* Message.framework in Frameworks */,
				6C3A8F390ED03B5600313D2F /* MessageUI.framework in Frameworks */,
				6C3A8F3B0ED03B5600313D2F /* MobileBluetooth.framework in Frameworks */,
				6C3A8F3C0ED03B5600313D2F /* MobileDeviceLink.framework in Frameworks */,
				6C3A8F3D0ED03B5600313D2F /* MobileInstallation.framework in Frameworks */,
				6C3A8F3E0ED03B5600313D2F /* MobileMusicPlayer.framework in Frameworks */,
				6C3A8F3F0ED03B5600313D2F /* MobileSync.framework in Frameworks */,
				6C3A8F400ED03B5600313D2F /* MobileWirelessSync.framework in Frameworks */,
				6C3A8F410ED03B5600313D2F /* MultitouchSupport.framework in Frameworks */,
				6C3A8F420ED03B5600313D2F /* MusicLibrary.framework in Frameworks */,
				6C3A8F430ED03B5600313D2F /* OfficeImport.framework in Frameworks */,
				6C3A8F440ED03B5600313D2F /* PersistentConnection.framework in Frameworks */,
				6C3A8F450ED03B5600313D2F /* PhotoLibrary.framework in Frameworks */,
				6C3A8F460ED03B5600313D2F /* Preferences.framework in Frameworks */,
				6C3A8F470ED03B5600313D2F /* SpringBoardServices.framework in Frameworks */,
				6C3A8F480ED03B5600313D2F /* SpringBoardUI.framework in Frameworks */,
				6C3A8F490ED03B5600313D2F /* Symbolication.framework in Frameworks */,
				6C3A8F4A0ED03B5600313D2F /* TelephonyUI.framework in Frameworks */,
				6C3A8F4B0ED03B5600313D2F /* URLify.framework in Frameworks */,
				6C3A8F4C0ED03B5600313D2F /* VideoToolbox.framework in Frameworks */,
				6C3A8F4D0ED03B5600313D2F /* VisualVoicemail.framework in Frameworks */,
				6C3A8F4E0ED03B5600313D2F /* WebCore.framework in Frameworks */,
				6C3A8F4F0ED03B5600313D2F /* WebKit.framework in Frameworks */,
				6C3A8F500ED03B5600313D2F /* XMPP.framework in Frameworks */,
				6C3A8F510ED03B5600313D2F /* YouTube.framework in Frameworks */,
			);
			runOnlyForDeploymentPostprocessing = 0;
		};
/* End PBXFrameworksBuildPhase section */

/* Begin PBXGroup section */
		080E96DDFE201D6D7F000001 /* Classes */ = {
			isa = PBXGroup;
			children = (
				1D3623240D0F684500981E51 /* ClassBrowserAppDelegate.h */,
				1D3623250D0F684500981E51 /* ClassBrowserAppDelegate.m */,
				28D7ACF60DDB3853001CB0EB /* ClassBrowserViewController.h */,
				28D7ACF70DDB3853001CB0EB /* ClassBrowserViewController.m */,
				6CA317CD0ECD874100B4CDEC /* ClassDataSource.h */,
				6CA317CE0ECD874100B4CDEC /* ClassDataSource.m */,
				6C4C1A7D0ECFF52F00BF12F1 /* ClassSearchViewController.h */,
				6C4C1A7E0ECFF52F00BF12F1 /* ClassSearchViewController.m */,
				6C64DE790ECBFE3D003A3DF2 /* ClassTree.h */,
				6C64DE7A0ECBFE3D003A3DF2 /* ClassTree.m */,
			);
			path = Classes;
			sourceTree = "<group>";
		};
		19C28FACFE9D520D11CA2CBB /* Products */ = {
			isa = PBXGroup;
			children = (
				1D6058910D05DD3D006BFB54 /* ClassBrowser.app */,
			);
			name = Products;
			sourceTree = "<group>";
		};
		29B97314FDCFA39411CA2CEA /* CustomTemplate */ = {
			isa = PBXGroup;
			children = (
				080E96DDFE201D6D7F000001 /* Classes */,
				29B97315FDCFA39411CA2CEA /* Other Sources */,
				29B97317FDCFA39411CA2CEA /* Resources */,
				29B97323FDCFA39411CA2CEA /* Frameworks */,
				19C28FACFE9D520D11CA2CBB /* Products */,
			);
			name = CustomTemplate;
			sourceTree = "<group>";
		};
		29B97315FDCFA39411CA2CEA /* Other Sources */ = {
			isa = PBXGroup;
			children = (
				32CA4F630368D1EE00C91783 /* ClassBrowser_Prefix.pch */,
				29B97316FDCFA39411CA2CEA /* main.m */,
			);
			name = "Other Sources";
			sourceTree = "<group>";
		};
		29B97317FDCFA39411CA2CEA /* Resources */ = {
			isa = PBXGroup;
			children = (
				6CA317270ECD611700B4CDEC /* ClassBrowserViewController.xib */,
				6C4C1A790ECFF43D00BF12F1 /* ClassSearchViewController.xib */,
				28AD733E0D9D9553002E5188 /* MainWindow.xib */,
				8D1107310486CEB800E47090 /* Info.plist */,
				6C7DBF060ECE548D0089E3E5 /* InfoPlist.strings */,
				6C15C4670ED0596000A2E8D9 /* Default.png */,
			);
			name = Resources;
			sourceTree = "<group>";
		};
		29B97323FDCFA39411CA2CEA /* Frameworks */ = {
			isa = PBXGroup;
			children = (
				6C3A8ED20ED03B5600313D2F /* Accelerate.framework */,
				6C3A8ED30ED03B5600313D2F /* AccountSettings.framework */,
				6C3A8ED40ED03B5600313D2F /* AOSNotification.framework */,
				6C3A8ED50ED03B5600313D2F /* Apple80211.framework */,
				6C3A8ED60ED03B5600313D2F /* AppleJPEG.framework */,
				6C3A8ED70ED03B5600313D2F /* AppSupport.framework */,
				6C3A8ED80ED03B5600313D2F /* ArtworkCache.framework */,
				6C3A8ED90ED03B5600313D2F /* BluetoothManager.framework */,
				6C3A8EDA0ED03B5600313D2F /* Bom.framework */,
				6C3A8EDB0ED03B5600313D2F /* Calculate.framework */,
				6C3A8EDC0ED03B5600313D2F /* Calendar.framework */,
				6C3A8EDD0ED03B5600313D2F /* CalendarUI.framework */,
				6C3A8EDE0ED03B5600313D2F /* Camera.framework */,
				6C3A8EDF0ED03B5600313D2F /* Celestial.framework */,
				6C3A8EE00ED03B5600313D2F /* CoreMedia.framework */,
				6C3A8EE10ED03B5600313D2F /* CoreSurface.framework */,
				6C3A8EE20ED03B5600313D2F /* CoreTelephony.framework */,
				6C3A8EE30ED03B5600313D2F /* CoreVideo.framework */,
				6C3A8EE40ED03B5600313D2F /* CrashReporterSupport.framework */,
				6C3A8EE50ED03B5600313D2F /* DataAccess.framework */,
				6C3A8EE60ED03B5600313D2F /* DataAccessExpress.framework */,
				6C3A8EE70ED03B5600313D2F /* DataMigration.framework */,
				6C3A8EE80ED03B5600313D2F /* EAP8021X.framework */,
				6C3A8EE90ED03B5600313D2F /* GMM.framework */,
				6C3A8EEA0ED03B5600313D2F /* GraphicsServices.framework */,
				6C3A8EEB0ED03B5600313D2F /* IAP.framework */,
				6C3A8EEC0ED03B5600313D2F /* ImageIO.framework */,
				6C3A8EED0ED03B5600313D2F /* IOMobileFramebuffer.framework */,
				6C3A8EEE0ED03B5600313D2F /* ITSync.framework */,
				6C3A8EEF0ED03B5600313D2F /* iTunesStore.framework */,
				6C3A8EF00ED03B5600313D2F /* iTunesStoreUI.framework */,
				6C3A8EF10ED03B5600313D2F /* iWorkImport.framework */,
				6C3A8EF20ED03B5600313D2F /* JavaScriptCore.framework */,
				6C3A8EF30ED03B5600313D2F /* ManagedConfiguration.framework */,
				6C3A8EF40ED03B5600313D2F /* MapKit.framework */,
				6C3A8EF50ED03B5600313D2F /* MBX2D.framework */,
				6C3A8EF60ED03B5600313D2F /* MBXConnect.framework */,
				6C3A8EF70ED03B5600313D2F /* MediaToolbox.framework */,
				6C3A8EF80ED03B5600313D2F /* Message.framework */,
				6C3A8EF90ED03B5600313D2F /* MessageUI.framework */,
				6C3A8EFB0ED03B5600313D2F /* MobileBluetooth.framework */,
				6C3A8EFC0ED03B5600313D2F /* MobileDeviceLink.framework */,
				6C3A8EFD0ED03B5600313D2F /* MobileInstallation.framework */,
				6C3A8EFE0ED03B5600313D2F /* MobileMusicPlayer.framework */,
				6C3A8EFF0ED03B5600313D2F /* MobileSync.framework */,
				6C3A8F000ED03B5600313D2F /* MobileWirelessSync.framework */,
				6C3A8F010ED03B5600313D2F /* MultitouchSupport.framework */,
				6C3A8F020ED03B5600313D2F /* MusicLibrary.framework */,
				6C3A8F030ED03B5600313D2F /* OfficeImport.framework */,
				6C3A8F040ED03B5600313D2F /* PersistentConnection.framework */,
				6C3A8F050ED03B5600313D2F /* PhotoLibrary.framework */,
				6C3A8F060ED03B5600313D2F /* Preferences.framework */,
				6C3A8F070ED03B5600313D2F /* SpringBoardServices.framework */,
				6C3A8F080ED03B5600313D2F /* SpringBoardUI.framework */,
				6C3A8F090ED03B5600313D2F /* Symbolication.framework */,
				6C3A8F0A0ED03B5600313D2F /* TelephonyUI.framework */,
				6C3A8F0B0ED03B5600313D2F /* URLify.framework */,
				6C3A8F0C0ED03B5600313D2F /* VideoToolbox.framework */,
				6C3A8F0D0ED03B5600313D2F /* VisualVoicemail.framework */,
				6C3A8F0E0ED03B5600313D2F /* WebCore.framework */,
				6C3A8F0F0ED03B5600313D2F /* WebKit.framework */,
				6C3A8F100ED03B5600313D2F /* XMPP.framework */,
				6C3A8F110ED03B5600313D2F /* YouTube.framework */,
				6C3A8E810ED03B3C00313D2F /* AddressBook.framework */,
				6C3A8E820ED03B3C00313D2F /* AddressBookUI.framework */,
				6C3A8E830ED03B3C00313D2F /* AudioToolbox.framework */,
				6C3A8E850ED03B3C00313D2F /* CFNetwork.framework */,
				6C3A8E860ED03B3C00313D2F /* CoreAudio.framework */,
				6C3A8E870ED03B3C00313D2F /* CoreFoundation.framework */,
				6C3A8E880ED03B3C00313D2F /* CoreGraphics.framework */,
				6C3A8E890ED03B3C00313D2F /* CoreLocation.framework */,
				6C3A8E8A0ED03B3C00313D2F /* Foundation.framework */,
				6C3A8E8C0ED03B3C00313D2F /* MediaPlayer.framework */,
				6C3A8E8D0ED03B3C00313D2F /* OpenAL.framework */,
				6C3A8E8E0ED03B3C00313D2F /* OpenGLES.framework */,
				6C3A8E8F0ED03B3C00313D2F /* QuartzCore.framework */,
				6C3A8E900ED03B3C00313D2F /* Security.framework */,
				6C3A8E910ED03B3C00313D2F /* SystemConfiguration.framework */,
				6C3A8E920ED03B3C00313D2F /* UIKit.framework */,
			);
			name = Frameworks;
			sourceTree = "<group>";
		};
/* End PBXGroup section */

/* Begin PBXNativeTarget section */
		1D6058900D05DD3D006BFB54 /* ClassBrowser */ = {
			isa = PBXNativeTarget;
			buildConfigurationList = 1D6058960D05DD3E006BFB54 /* Build configuration list for PBXNativeTarget "ClassBrowser" */;
			buildPhases = (
				1D60588D0D05DD3D006BFB54 /* Resources */,
				1D60588E0D05DD3D006BFB54 /* Sources */,
				1D60588F0D05DD3D006BFB54 /* Frameworks */,
			);
			buildRules = (
			);
			dependencies = (
			);
			name = ClassBrowser;
			productName = ClassBrowser;
			productReference = 1D6058910D05DD3D006BFB54 /* ClassBrowser.app */;
			productType = "com.apple.product-type.application";
		};
/* End PBXNativeTarget section */

/* Begin PBXProject section */
		29B97313FDCFA39411CA2CEA /* Project object */ = {
			isa = PBXProject;
			buildConfigurationList = C01FCF4E08A954540054247B /* Build configuration list for PBXProject "ClassBrowser" */;
			compatibilityVersion = "Xcode 3.1";
			hasScannedForEncodings = 1;
			mainGroup = 29B97314FDCFA39411CA2CEA /* CustomTemplate */;
			projectDirPath = "";
			projectRoot = "";
			targets = (
				1D6058900D05DD3D006BFB54 /* ClassBrowser */,
			);
		};
/* End PBXProject section */

/* Begin PBXResourcesBuildPhase section */
		1D60588D0D05DD3D006BFB54 /* Resources */ = {
			isa = PBXResourcesBuildPhase;
			buildActionMask = 2147483647;
			files = (
				28AD733F0D9D9553002E5188 /* MainWindow.xib in Resources */,
				6CA317280ECD611700B4CDEC /* ClassBrowserViewController.xib in Resources */,
				6C7DBF070ECE548D0089E3E5 /* InfoPlist.strings in Resources */,
				6C4C1A7A0ECFF43D00BF12F1 /* ClassSearchViewController.xib in Resources */,
				6C15C4680ED0596000A2E8D9 /* Default.png in Resources */,
			);
			runOnlyForDeploymentPostprocessing = 0;
		};
/* End PBXResourcesBuildPhase section */

/* Begin PBXSourcesBuildPhase section */
		1D60588E0D05DD3D006BFB54 /* Sources */ = {
			isa = PBXSourcesBuildPhase;
			buildActionMask = 2147483647;
			files = (
				1D60589B0D05DD56006BFB54 /* main.m in Sources */,
				1D3623260D0F684500981E51 /* ClassBrowserAppDelegate.m in Sources */,
				28D7ACF80DDB3853001CB0EB /* ClassBrowserViewController.m in Sources */,
				6C64DE7B0ECBFE3D003A3DF2 /* ClassTree.m in Sources */,
				6CA317CF0ECD874100B4CDEC /* ClassDataSource.m in Sources */,
				6C4C1A7F0ECFF52F00BF12F1 /* ClassSearchViewController.m in Sources */,
			);
			runOnlyForDeploymentPostprocessing = 0;
		};
/* End PBXSourcesBuildPhase section */

/* Begin XCBuildConfiguration section */
		1D6058940D05DD3E006BFB54 /* Debug */ = {
			isa = XCBuildConfiguration;
			buildSettings = {
				ALWAYS_SEARCH_USER_PATHS = NO;
				COPY_PHASE_STRIP = NO;
				FRAMEWORK_SEARCH_PATHS = (
					"$(inherited)",
					"\"$(SDKROOT)$(SYSTEM_LIBRARY_DIR)/PrivateFrameworks\"",
				);
				GCC_DYNAMIC_NO_PIC = NO;
				GCC_OPTIMIZATION_LEVEL = 0;
				GCC_PRECOMPILE_PREFIX_HEADER = YES;
				GCC_PREFIX_HEADER = ClassBrowser_Prefix.pch;
				INFOPLIST_FILE = Info.plist;
				LIBRARY_SEARCH_PATHS = (
					"$(inherited)",
					"\"$(SDKROOT)$(SYSTEM_LIBRARY_DIR)/CoreServices/Encodings\"",
				);
				PRODUCT_NAME = ClassBrowser;
			};
			name = Debug;
		};
		1D6058950D05DD3E006BFB54 /* Release */ = {
			isa = XCBuildConfiguration;
			buildSettings = {
				ALWAYS_SEARCH_USER_PATHS = NO;
				COPY_PHASE_STRIP = YES;
				FRAMEWORK_SEARCH_PATHS = (
					"$(inherited)",
					"\"$(SDKROOT)$(SYSTEM_LIBRARY_DIR)/PrivateFrameworks\"",
				);
				GCC_PRECOMPILE_PREFIX_HEADER = YES;
				GCC_PREFIX_HEADER = ClassBrowser_Prefix.pch;
				INFOPLIST_FILE = Info.plist;
				LIBRARY_SEARCH_PATHS = (
					"$(inherited)",
					"\"$(SDKROOT)$(SYSTEM_LIBRARY_DIR)/CoreServices/Encodings\"",
				);
				PRODUCT_NAME = ClassBrowser;
			};
			name = Release;
		};
		C01FCF4F08A954540054247B /* Debug */ = {
			isa = XCBuildConfiguration;
			buildSettings = {
				ARCHS = "$(ARCHS_STANDARD_32_BIT)";
				"CODE_SIGN_IDENTITY[sdk=iphoneos*]" = "iPhone Developer";
				GCC_C_LANGUAGE_STANDARD = c99;
				GCC_WARN_ABOUT_RETURN_TYPE = YES;
				GCC_WARN_UNUSED_VARIABLE = YES;
				ONLY_ACTIVE_ARCH = YES;
				PREBINDING = NO;
				SDKROOT = iphoneos2.1;
			};
			name = Debug;
		};
		C01FCF5008A954540054247B /* Release */ = {
			isa = XCBuildConfiguration;
			buildSettings = {
				ARCHS = "$(ARCHS_STANDARD_32_BIT)";
				"CODE_SIGN_IDENTITY[sdk=iphoneos*]" = "iPhone Developer";
				GCC_C_LANGUAGE_STANDARD = c99;
				GCC_WARN_ABOUT_RETURN_TYPE = YES;
				GCC_WARN_UNUSED_VARIABLE = YES;
				PREBINDING = NO;
				SDKROOT = iphoneos2.1;
			};
			name = Release;
		};
/* End XCBuildConfiguration section */

/* Begin XCConfigurationList section */
		1D6058960D05DD3E006BFB54 /* Build configuration list for PBXNativeTarget "ClassBrowser" */ = {
			isa = XCConfigurationList;
			buildConfigurations = (
				1D6058940D05DD3E006BFB54 /* Debug */,
				1D6058950D05DD3E006BFB54 /* Release */,
			);
			defaultConfigurationIsVisible = 0;
			defaultConfigurationName = Release;
		};
		C01FCF4E08A954540054247B /* Build configuration list for PBXProject "ClassBrowser" */ = {
			isa = XCConfigurationList;
			buildConfigurations = (
				C01FCF4F08A954540054247B /* Debug */,
				C01FCF5008A954540054247B /* Release */,
			);
			defaultConfigurationIsVisible = 0;
			defaultConfigurationName = Release;
		};
/* End XCConfigurationList section */
	};
	rootObject = 29B97313FDCFA39411CA2CEA /* Project object */;
}
